// !$*UTF8*$!
{
	archiveVersion = 1;
	classes = {
	};
	objectVersion = 55;
	objects = {

/* Begin PBXBuildFile section */
		AD00F44628B96F2600A77B9C /* MinCostClimbingStairs.swift in Sources */ = {isa = PBXBuildFile; fileRef = AD00F44528B96F2600A77B9C /* MinCostClimbingStairs.swift */; };
		AD00F44828B96FB900A77B9C /* UniquePaths.swift in Sources */ = {isa = PBXBuildFile; fileRef = AD00F44728B96FB900A77B9C /* UniquePaths.swift */; };
		AD1BBB5628BB832B000032DD /* TwoSum.swift in Sources */ = {isa = PBXBuildFile; fileRef = AD1BBB5528BB832B000032DD /* TwoSum.swift */; };
		AD1BBB5828BB83CD000032DD /* BullsAndCows.swift in Sources */ = {isa = PBXBuildFile; fileRef = AD1BBB5728BB83CD000032DD /* BullsAndCows.swift */; };
		AD2A46D928AA9C9E009C45A8 /* RichestCustomerWealth.swift in Sources */ = {isa = PBXBuildFile; fileRef = AD2A46D828AA9C9E009C45A8 /* RichestCustomerWealth.swift */; };
		AD2FF7A528B506F90027AFB6 /* ValidateBinarySearchTree.swift in Sources */ = {isa = PBXBuildFile; fileRef = AD2FF7A428B506F90027AFB6 /* ValidateBinarySearchTree.swift */; };
		AD2FF7A728B50D3F0027AFB6 /* LowestCommonAncestorOfABinarySearchTree.swift in Sources */ = {isa = PBXBuildFile; fileRef = AD2FF7A628B50D3F0027AFB6 /* LowestCommonAncestorOfABinarySearchTree.swift */; };
		AD4BDEA828A7DAB300E61565 /* RomanToInteger.swift in Sources */ = {isa = PBXBuildFile; fileRef = AD4BDEA728A7DAB300E61565 /* RomanToInteger.swift */; };
		AD4BDEAA28A7DDA700E61565 /* FizzBuzz.swift in Sources */ = {isa = PBXBuildFile; fileRef = AD4BDEA928A7DDA700E61565 /* FizzBuzz.swift */; };
		AD4BDEAC28A7DE3200E61565 /* MiddleOfTheLinkedList.swift in Sources */ = {isa = PBXBuildFile; fileRef = AD4BDEAB28A7DE3200E61565 /* MiddleOfTheLinkedList.swift */; };
		AD4BDEAF28A7DF2F00E61565 /* ListNode.swift in Sources */ = {isa = PBXBuildFile; fileRef = AD4BDEAE28A7DF2F00E61565 /* ListNode.swift */; };
		AD4BDEB128A7E03200E61565 /* TheKWeakestRowsInAMatrix.swift in Sources */ = {isa = PBXBuildFile; fileRef = AD4BDEB028A7E03200E61565 /* TheKWeakestRowsInAMatrix.swift */; };
		AD5CBBE628B251A500495544 /* Node.swift in Sources */ = {isa = PBXBuildFile; fileRef = AD5CBBE528B251A500495544 /* Node.swift */; };
		AD5CBBE828B251D700495544 /* NaryTreePreorderTraversal.swift in Sources */ = {isa = PBXBuildFile; fileRef = AD5CBBE728B251D700495544 /* NaryTreePreorderTraversal.swift */; };
		AD5CBBEA28B2547F00495544 /* BinaryTreeLevelOrderTraversal.swift in Sources */ = {isa = PBXBuildFile; fileRef = AD5CBBE928B2547F00495544 /* BinaryTreeLevelOrderTraversal.swift */; };
		AD5CBBEC28B254A000495544 /* TreeNode.swift in Sources */ = {isa = PBXBuildFile; fileRef = AD5CBBEB28B254A000495544 /* TreeNode.swift */; };
		AD820F5928B6529700BA068E /* FloodFill.swift in Sources */ = {isa = PBXBuildFile; fileRef = AD820F5828B6529700BA068E /* FloodFill.swift */; };
		AD820F5B28B65A1C00BA068E /* NumberOfIslands.swift in Sources */ = {isa = PBXBuildFile; fileRef = AD820F5A28B65A1C00BA068E /* NumberOfIslands.swift */; };
		AD88EE2328AEA91A007E3D7C /* MergeTwoSortedLists.swift in Sources */ = {isa = PBXBuildFile; fileRef = AD88EE2228AEA91A007E3D7C /* MergeTwoSortedLists.swift */; };
		AD88EE2528AF13C3007E3D7C /* ReverseLinkedList.swift in Sources */ = {isa = PBXBuildFile; fileRef = AD88EE2428AF13C3007E3D7C /* ReverseLinkedList.swift */; };
		AD9B070728B049DF00ADFB43 /* LinkedListCycle2.swift in Sources */ = {isa = PBXBuildFile; fileRef = AD9B070628B049DF00ADFB43 /* LinkedListCycle2.swift */; };
		ADB53A3A28BA4AB300C937F7 /* FindAllAnagramsInAString.swift in Sources */ = {isa = PBXBuildFile; fileRef = ADB53A3928BA4AB300C937F7 /* FindAllAnagramsInAString.swift */; };
		ADB53A3C28BA4BB200C937F7 /* LongestRepeatingCharacterReplacement.swift in Sources */ = {isa = PBXBuildFile; fileRef = ADB53A3B28BA4BB200C937F7 /* LongestRepeatingCharacterReplacement.swift */; };
		ADC46DB028A922C7003B926E /* NumberOfStepsRoReduceANumberToZero.swift in Sources */ = {isa = PBXBuildFile; fileRef = ADC46DAF28A922C7003B926E /* NumberOfStepsRoReduceANumberToZero.swift */; };
		ADC5B13728AD5102002FED4E /* IsomorphicStrings.swift in Sources */ = {isa = PBXBuildFile; fileRef = ADC5B13628AD5102002FED4E /* IsomorphicStrings.swift */; };
		ADC5B13928AD5A00002FED4E /* IsSubsequence.swift in Sources */ = {isa = PBXBuildFile; fileRef = ADC5B13828AD5A00002FED4E /* IsSubsequence.swift */; };
		ADD1C41A28B3C83500E63642 /* BinarySearch.swift in Sources */ = {isa = PBXBuildFile; fileRef = ADD1C41928B3C83500E63642 /* BinarySearch.swift */; };
		ADD1C41C28B3CA3F00E63642 /* FirstBadVersion.swift in Sources */ = {isa = PBXBuildFile; fileRef = ADD1C41B28B3CA3F00E63642 /* FirstBadVersion.swift */; };
		ADD5D3F328A3120A00BD5BCC /* RansomNote.swift in Sources */ = {isa = PBXBuildFile; fileRef = ADD5D3E628A3114600BD5BCC /* RansomNote.swift */; };
		ADD5D3F528A3147200BD5BCC /* PalindromeLinkedList.swift in Sources */ = {isa = PBXBuildFile; fileRef = ADD5D3F428A3147200BD5BCC /* PalindromeLinkedList.swift */; };
		ADE175DC28B117420022F308 /* BestTimeToBuyAndSellStock.swift in Sources */ = {isa = PBXBuildFile; fileRef = ADE175DB28B117420022F308 /* BestTimeToBuyAndSellStock.swift */; };
		ADE175DE28B1262A0022F308 /* LongestPalindrome.swift in Sources */ = {isa = PBXBuildFile; fileRef = ADE175DD28B1262A0022F308 /* LongestPalindrome.swift */; };
		ADEE310528B7A5B400448525 /* FibonacciNumber.swift in Sources */ = {isa = PBXBuildFile; fileRef = ADEE310428B7A5B400448525 /* FibonacciNumber.swift */; };
		ADEE310728B7A6BE00448525 /* ClimbingStairs.swift in Sources */ = {isa = PBXBuildFile; fileRef = ADEE310628B7A6BE00448525 /* ClimbingStairs.swift */; };
		ADF9806A28AC0309004BB6EC /* RunningSumOf1dArray.swift in Sources */ = {isa = PBXBuildFile; fileRef = ADF9806928AC0309004BB6EC /* RunningSumOf1dArray.swift */; };
		ADF9806C28AC03CF004BB6EC /* FindPivotIndex.swift in Sources */ = {isa = PBXBuildFile; fileRef = ADF9806B28AC03CF004BB6EC /* FindPivotIndex.swift */; };
/* End PBXBuildFile section */

/* Begin PBXFileReference section */
		AD00F44528B96F2600A77B9C /* MinCostClimbingStairs.swift */ = {isa = PBXFileReference; lastKnownFileType = sourcecode.swift; path = MinCostClimbingStairs.swift; sourceTree = "<group>"; };
		AD00F44728B96FB900A77B9C /* UniquePaths.swift */ = {isa = PBXFileReference; lastKnownFileType = sourcecode.swift; path = UniquePaths.swift; sourceTree = "<group>"; };
		AD1BBB5528BB832B000032DD /* TwoSum.swift */ = {isa = PBXFileReference; lastKnownFileType = sourcecode.swift; path = TwoSum.swift; sourceTree = "<group>"; };
		AD1BBB5728BB83CD000032DD /* BullsAndCows.swift */ = {isa = PBXFileReference; lastKnownFileType = sourcecode.swift; path = BullsAndCows.swift; sourceTree = "<group>"; };
		AD2A46D828AA9C9E009C45A8 /* RichestCustomerWealth.swift */ = {isa = PBXFileReference; lastKnownFileType = sourcecode.swift; path = RichestCustomerWealth.swift; sourceTree = "<group>"; };
		AD2FF7A428B506F90027AFB6 /* ValidateBinarySearchTree.swift */ = {isa = PBXFileReference; lastKnownFileType = sourcecode.swift; path = ValidateBinarySearchTree.swift; sourceTree = "<group>"; };
		AD2FF7A628B50D3F0027AFB6 /* LowestCommonAncestorOfABinarySearchTree.swift */ = {isa = PBXFileReference; lastKnownFileType = sourcecode.swift; path = LowestCommonAncestorOfABinarySearchTree.swift; sourceTree = "<group>"; };
		AD4BDEA728A7DAB300E61565 /* RomanToInteger.swift */ = {isa = PBXFileReference; lastKnownFileType = sourcecode.swift; path = RomanToInteger.swift; sourceTree = "<group>"; };
		AD4BDEA928A7DDA700E61565 /* FizzBuzz.swift */ = {isa = PBXFileReference; lastKnownFileType = sourcecode.swift; path = FizzBuzz.swift; sourceTree = "<group>"; };
		AD4BDEAB28A7DE3200E61565 /* MiddleOfTheLinkedList.swift */ = {isa = PBXFileReference; lastKnownFileType = sourcecode.swift; path = MiddleOfTheLinkedList.swift; sourceTree = "<group>"; };
		AD4BDEAE28A7DF2F00E61565 /* ListNode.swift */ = {isa = PBXFileReference; lastKnownFileType = sourcecode.swift; path = ListNode.swift; sourceTree = "<group>"; };
		AD4BDEB028A7E03200E61565 /* TheKWeakestRowsInAMatrix.swift */ = {isa = PBXFileReference; lastKnownFileType = sourcecode.swift; path = TheKWeakestRowsInAMatrix.swift; sourceTree = "<group>"; };
		AD5CBBE528B251A500495544 /* Node.swift */ = {isa = PBXFileReference; lastKnownFileType = sourcecode.swift; path = Node.swift; sourceTree = "<group>"; };
		AD5CBBE728B251D700495544 /* NaryTreePreorderTraversal.swift */ = {isa = PBXFileReference; lastKnownFileType = sourcecode.swift; path = NaryTreePreorderTraversal.swift; sourceTree = "<group>"; };
		AD5CBBE928B2547F00495544 /* BinaryTreeLevelOrderTraversal.swift */ = {isa = PBXFileReference; lastKnownFileType = sourcecode.swift; path = BinaryTreeLevelOrderTraversal.swift; sourceTree = "<group>"; };
		AD5CBBEB28B254A000495544 /* TreeNode.swift */ = {isa = PBXFileReference; lastKnownFileType = sourcecode.swift; path = TreeNode.swift; sourceTree = "<group>"; };
		AD820F5828B6529700BA068E /* FloodFill.swift */ = {isa = PBXFileReference; lastKnownFileType = sourcecode.swift; path = FloodFill.swift; sourceTree = "<group>"; };
		AD820F5A28B65A1C00BA068E /* NumberOfIslands.swift */ = {isa = PBXFileReference; lastKnownFileType = sourcecode.swift; path = NumberOfIslands.swift; sourceTree = "<group>"; };
		AD88EE2228AEA91A007E3D7C /* MergeTwoSortedLists.swift */ = {isa = PBXFileReference; lastKnownFileType = sourcecode.swift; path = MergeTwoSortedLists.swift; sourceTree = "<group>"; };
		AD88EE2428AF13C3007E3D7C /* ReverseLinkedList.swift */ = {isa = PBXFileReference; lastKnownFileType = sourcecode.swift; path = ReverseLinkedList.swift; sourceTree = "<group>"; };
		AD9B070628B049DF00ADFB43 /* LinkedListCycle2.swift */ = {isa = PBXFileReference; lastKnownFileType = sourcecode.swift; path = LinkedListCycle2.swift; sourceTree = "<group>"; };
		ADB53A3928BA4AB300C937F7 /* FindAllAnagramsInAString.swift */ = {isa = PBXFileReference; lastKnownFileType = sourcecode.swift; path = FindAllAnagramsInAString.swift; sourceTree = "<group>"; };
		ADB53A3B28BA4BB200C937F7 /* LongestRepeatingCharacterReplacement.swift */ = {isa = PBXFileReference; lastKnownFileType = sourcecode.swift; path = LongestRepeatingCharacterReplacement.swift; sourceTree = "<group>"; };
		ADC46DAF28A922C7003B926E /* NumberOfStepsRoReduceANumberToZero.swift */ = {isa = PBXFileReference; lastKnownFileType = sourcecode.swift; path = NumberOfStepsRoReduceANumberToZero.swift; sourceTree = "<group>"; };
		ADC5B13628AD5102002FED4E /* IsomorphicStrings.swift */ = {isa = PBXFileReference; lastKnownFileType = sourcecode.swift; path = IsomorphicStrings.swift; sourceTree = "<group>"; };
		ADC5B13828AD5A00002FED4E /* IsSubsequence.swift */ = {isa = PBXFileReference; lastKnownFileType = sourcecode.swift; path = IsSubsequence.swift; sourceTree = "<group>"; };
		ADD1C41928B3C83500E63642 /* BinarySearch.swift */ = {isa = PBXFileReference; lastKnownFileType = sourcecode.swift; path = BinarySearch.swift; sourceTree = "<group>"; };
		ADD1C41B28B3CA3F00E63642 /* FirstBadVersion.swift */ = {isa = PBXFileReference; lastKnownFileType = sourcecode.swift; path = FirstBadVersion.swift; sourceTree = "<group>"; };
		ADD5D3E628A3114600BD5BCC /* RansomNote.swift */ = {isa = PBXFileReference; lastKnownFileType = sourcecode.swift; path = RansomNote.swift; sourceTree = "<group>"; };
		ADD5D3EC28A3120600BD5BCC /* testLeetcode.xctest */ = {isa = PBXFileReference; explicitFileType = wrapper.cfbundle; includeInIndex = 0; path = testLeetcode.xctest; sourceTree = BUILT_PRODUCTS_DIR; };
		ADD5D3F428A3147200BD5BCC /* PalindromeLinkedList.swift */ = {isa = PBXFileReference; lastKnownFileType = sourcecode.swift; path = PalindromeLinkedList.swift; sourceTree = "<group>"; };
		ADE175DB28B117420022F308 /* BestTimeToBuyAndSellStock.swift */ = {isa = PBXFileReference; lastKnownFileType = sourcecode.swift; path = BestTimeToBuyAndSellStock.swift; sourceTree = "<group>"; };
		ADE175DD28B1262A0022F308 /* LongestPalindrome.swift */ = {isa = PBXFileReference; lastKnownFileType = sourcecode.swift; path = LongestPalindrome.swift; sourceTree = "<group>"; };
		ADEE310428B7A5B400448525 /* FibonacciNumber.swift */ = {isa = PBXFileReference; lastKnownFileType = sourcecode.swift; path = FibonacciNumber.swift; sourceTree = "<group>"; };
		ADEE310628B7A6BE00448525 /* ClimbingStairs.swift */ = {isa = PBXFileReference; lastKnownFileType = sourcecode.swift; path = ClimbingStairs.swift; sourceTree = "<group>"; };
		ADF9806928AC0309004BB6EC /* RunningSumOf1dArray.swift */ = {isa = PBXFileReference; lastKnownFileType = sourcecode.swift; path = RunningSumOf1dArray.swift; sourceTree = "<group>"; };
		ADF9806B28AC03CF004BB6EC /* FindPivotIndex.swift */ = {isa = PBXFileReference; lastKnownFileType = sourcecode.swift; path = FindPivotIndex.swift; sourceTree = "<group>"; };
/* End PBXFileReference section */

/* Begin PBXFrameworksBuildPhase section */
		ADD5D3E928A3120600BD5BCC /* Frameworks */ = {
			isa = PBXFrameworksBuildPhase;
			buildActionMask = 2147483647;
			files = (
			);
			runOnlyForDeploymentPostprocessing = 0;
		};
/* End PBXFrameworksBuildPhase section */

/* Begin PBXGroup section */
		AD4BDEAD28A7DF2100E61565 /* Commons */ = {
			isa = PBXGroup;
			children = (
				AD4BDEAE28A7DF2F00E61565 /* ListNode.swift */,
				ADB53A3B28BA4BB200C937F7 /* LongestRepeatingCharacterReplacement.swift */,
				AD5CBBE528B251A500495544 /* Node.swift */,
				AD5CBBEB28B254A000495544 /* TreeNode.swift */,
			);
			path = Commons;
			sourceTree = "<group>";
		};
		ADD5D3D328A3111C00BD5BCC = {
			isa = PBXGroup;
			children = (
				ADD5D3ED28A3120600BD5BCC /* LeetCode */,
				ADD5D3DD28A3111C00BD5BCC /* Products */,
			);
			sourceTree = "<group>";
		};
		ADD5D3DD28A3111C00BD5BCC /* Products */ = {
			isa = PBXGroup;
			children = (
				ADD5D3EC28A3120600BD5BCC /* testLeetcode.xctest */,
			);
			name = Products;
			sourceTree = "<group>";
		};
		ADD5D3ED28A3120600BD5BCC /* LeetCode */ = {
			isa = PBXGroup;
			children = (
				AD4BDEAD28A7DF2100E61565 /* Commons */,
				ADD5D3E628A3114600BD5BCC /* RansomNote.swift */,
				ADD5D3F428A3147200BD5BCC /* PalindromeLinkedList.swift */,
				AD4BDEA728A7DAB300E61565 /* RomanToInteger.swift */,
				AD4BDEA928A7DDA700E61565 /* FizzBuzz.swift */,
				ADE175DB28B117420022F308 /* BestTimeToBuyAndSellStock.swift */,
				ADB53A3928BA4AB300C937F7 /* FindAllAnagramsInAString.swift */,
				AD1BBB5528BB832B000032DD /* TwoSum.swift */,
				AD1BBB5728BB83CD000032DD /* BullsAndCows.swift */,
				AD00F44528B96F2600A77B9C /* MinCostClimbingStairs.swift */,
				AD00F44728B96FB900A77B9C /* UniquePaths.swift */,
				ADE175DD28B1262A0022F308 /* LongestPalindrome.swift */,
				AD4BDEAB28A7DE3200E61565 /* MiddleOfTheLinkedList.swift */,
				AD9B070628B049DF00ADFB43 /* LinkedListCycle2.swift */,
				AD4BDEB028A7E03200E61565 /* TheKWeakestRowsInAMatrix.swift */,
				ADC46DAF28A922C7003B926E /* NumberOfStepsRoReduceANumberToZero.swift */,
				AD2A46D828AA9C9E009C45A8 /* RichestCustomerWealth.swift */,
				ADF9806928AC0309004BB6EC /* RunningSumOf1dArray.swift */,
				ADF9806B28AC03CF004BB6EC /* FindPivotIndex.swift */,
				ADC5B13628AD5102002FED4E /* IsomorphicStrings.swift */,
				ADC5B13828AD5A00002FED4E /* IsSubsequence.swift */,
				AD88EE2228AEA91A007E3D7C /* MergeTwoSortedLists.swift */,
				AD88EE2428AF13C3007E3D7C /* ReverseLinkedList.swift */,
				AD5CBBE728B251D700495544 /* NaryTreePreorderTraversal.swift */,
				ADD1C41928B3C83500E63642 /* BinarySearch.swift */,
				ADD1C41B28B3CA3F00E63642 /* FirstBadVersion.swift */,
				AD5CBBE928B2547F00495544 /* BinaryTreeLevelOrderTraversal.swift */,
				AD2FF7A428B506F90027AFB6 /* ValidateBinarySearchTree.swift */,
				AD2FF7A628B50D3F0027AFB6 /* LowestCommonAncestorOfABinarySearchTree.swift */,
				AD820F5828B6529700BA068E /* FloodFill.swift */,
				AD820F5A28B65A1C00BA068E /* NumberOfIslands.swift */,
				ADEE310428B7A5B400448525 /* FibonacciNumber.swift */,
				ADEE310628B7A6BE00448525 /* ClimbingStairs.swift */,
			);
			path = LeetCode;
			sourceTree = "<group>";
		};
/* End PBXGroup section */

/* Begin PBXNativeTarget section */
		ADD5D3EB28A3120600BD5BCC /* testLeetcode */ = {
			isa = PBXNativeTarget;
			buildConfigurationList = ADD5D3F028A3120600BD5BCC /* Build configuration list for PBXNativeTarget "testLeetcode" */;
			buildPhases = (
				ADD5D3E828A3120600BD5BCC /* Sources */,
				ADD5D3E928A3120600BD5BCC /* Frameworks */,
				ADD5D3EA28A3120600BD5BCC /* Resources */,
			);
			buildRules = (
			);
			dependencies = (
			);
			name = testLeetcode;
			productName = testLeetcode;
			productReference = ADD5D3EC28A3120600BD5BCC /* testLeetcode.xctest */;
			productType = "com.apple.product-type.bundle.unit-test";
		};
/* End PBXNativeTarget section */

/* Begin PBXProject section */
		ADD5D3D428A3111C00BD5BCC /* Project object */ = {
			isa = PBXProject;
			attributes = {
				BuildIndependentTargetsInParallel = 1;
				LastSwiftUpdateCheck = 1340;
				LastUpgradeCheck = 1340;
				TargetAttributes = {
					ADD5D3EB28A3120600BD5BCC = {
						CreatedOnToolsVersion = 13.4.1;
					};
				};
			};
			buildConfigurationList = ADD5D3D728A3111C00BD5BCC /* Build configuration list for PBXProject "LeetCode" */;
			compatibilityVersion = "Xcode 13.0";
			developmentRegion = en;
			hasScannedForEncodings = 0;
			knownRegions = (
				en,
				Base,
			);
			mainGroup = ADD5D3D328A3111C00BD5BCC;
			productRefGroup = ADD5D3DD28A3111C00BD5BCC /* Products */;
			projectDirPath = "";
			projectRoot = "";
			targets = (
				ADD5D3EB28A3120600BD5BCC /* testLeetcode */,
			);
		};
/* End PBXProject section */

/* Begin PBXResourcesBuildPhase section */
		ADD5D3EA28A3120600BD5BCC /* Resources */ = {
			isa = PBXResourcesBuildPhase;
			buildActionMask = 2147483647;
			files = (
			);
			runOnlyForDeploymentPostprocessing = 0;
		};
/* End PBXResourcesBuildPhase section */

/* Begin PBXSourcesBuildPhase section */
		ADD5D3E828A3120600BD5BCC /* Sources */ = {
			isa = PBXSourcesBuildPhase;
			buildActionMask = 2147483647;
			files = (
				AD88EE2528AF13C3007E3D7C /* ReverseLinkedList.swift in Sources */,
				AD4BDEAC28A7DE3200E61565 /* MiddleOfTheLinkedList.swift in Sources */,
				ADEE310728B7A6BE00448525 /* ClimbingStairs.swift in Sources */,
				AD00F44828B96FB900A77B9C /* UniquePaths.swift in Sources */,
				AD2FF7A528B506F90027AFB6 /* ValidateBinarySearchTree.swift in Sources */,
				ADF9806C28AC03CF004BB6EC /* FindPivotIndex.swift in Sources */,
				AD5CBBE828B251D700495544 /* NaryTreePreorderTraversal.swift in Sources */,
				ADD5D3F328A3120A00BD5BCC /* RansomNote.swift in Sources */,
				ADE175DC28B117420022F308 /* BestTimeToBuyAndSellStock.swift in Sources */,
				ADE175DE28B1262A0022F308 /* LongestPalindrome.swift in Sources */,
				AD1BBB5628BB832B000032DD /* TwoSum.swift in Sources */,
				AD4BDEA828A7DAB300E61565 /* RomanToInteger.swift in Sources */,
				ADB53A3A28BA4AB300C937F7 /* FindAllAnagramsInAString.swift in Sources */,
				AD00F44628B96F2600A77B9C /* MinCostClimbingStairs.swift in Sources */,
				AD1BBB5828BB83CD000032DD /* BullsAndCows.swift in Sources */,
				AD5CBBE628B251A500495544 /* Node.swift in Sources */,
				ADD5D3F528A3147200BD5BCC /* PalindromeLinkedList.swift in Sources */,
				AD9B070728B049DF00ADFB43 /* LinkedListCycle2.swift in Sources */,
				AD4BDEB128A7E03200E61565 /* TheKWeakestRowsInAMatrix.swift in Sources */,
				ADF9806A28AC0309004BB6EC /* RunningSumOf1dArray.swift in Sources */,
				ADC5B13928AD5A00002FED4E /* IsSubsequence.swift in Sources */,
				ADD1C41A28B3C83500E63642 /* BinarySearch.swift in Sources */,
				AD820F5B28B65A1C00BA068E /* NumberOfIslands.swift in Sources */,
				AD2A46D928AA9C9E009C45A8 /* RichestCustomerWealth.swift in Sources */,
				AD2FF7A728B50D3F0027AFB6 /* LowestCommonAncestorOfABinarySearchTree.swift in Sources */,
				AD4BDEAA28A7DDA700E61565 /* FizzBuzz.swift in Sources */,
				ADC5B13728AD5102002FED4E /* IsomorphicStrings.swift in Sources */,
				AD5CBBEC28B254A000495544 /* TreeNode.swift in Sources */,
				ADC46DB028A922C7003B926E /* NumberOfStepsRoReduceANumberToZero.swift in Sources */,
				AD88EE2328AEA91A007E3D7C /* MergeTwoSortedLists.swift in Sources */,
				ADEE310528B7A5B400448525 /* FibonacciNumber.swift in Sources */,
				AD820F5928B6529700BA068E /* FloodFill.swift in Sources */,
				ADD1C41C28B3CA3F00E63642 /* FirstBadVersion.swift in Sources */,
				ADB53A3C28BA4BB200C937F7 /* LongestRepeatingCharacterReplacement.swift in Sources */,
				AD5CBBEA28B2547F00495544 /* BinaryTreeLevelOrderTraversal.swift in Sources */,
				AD4BDEAF28A7DF2F00E61565 /* ListNode.swift in Sources */,
			);
			runOnlyForDeploymentPostprocessing = 0;
		};
/* End PBXSourcesBuildPhase section */

/* Begin XCBuildConfiguration section */
		ADD5D3E128A3111C00BD5BCC /* Debug */ = {
			isa = XCBuildConfiguration;
			buildSettings = {
				ALWAYS_SEARCH_USER_PATHS = NO;
				CLANG_ANALYZER_NONNULL = YES;
				CLANG_ANALYZER_NUMBER_OBJECT_CONVERSION = YES_AGGRESSIVE;
				CLANG_CXX_LANGUAGE_STANDARD = "gnu++17";
				CLANG_ENABLE_MODULES = YES;
				CLANG_ENABLE_OBJC_ARC = YES;
				CLANG_ENABLE_OBJC_WEAK = YES;
				CLANG_WARN_BLOCK_CAPTURE_AUTORELEASING = YES;
				CLANG_WARN_BOOL_CONVERSION = YES;
				CLANG_WARN_COMMA = YES;
				CLANG_WARN_CONSTANT_CONVERSION = YES;
				CLANG_WARN_DEPRECATED_OBJC_IMPLEMENTATIONS = YES;
				CLANG_WARN_DIRECT_OBJC_ISA_USAGE = YES_ERROR;
				CLANG_WARN_DOCUMENTATION_COMMENTS = YES;
				CLANG_WARN_EMPTY_BODY = YES;
				CLANG_WARN_ENUM_CONVERSION = YES;
				CLANG_WARN_INFINITE_RECURSION = YES;
				CLANG_WARN_INT_CONVERSION = YES;
				CLANG_WARN_NON_LITERAL_NULL_CONVERSION = YES;
				CLANG_WARN_OBJC_IMPLICIT_RETAIN_SELF = YES;
				CLANG_WARN_OBJC_LITERAL_CONVERSION = YES;
				CLANG_WARN_OBJC_ROOT_CLASS = YES_ERROR;
				CLANG_WARN_QUOTED_INCLUDE_IN_FRAMEWORK_HEADER = YES;
				CLANG_WARN_RANGE_LOOP_ANALYSIS = YES;
				CLANG_WARN_STRICT_PROTOTYPES = YES;
				CLANG_WARN_SUSPICIOUS_MOVE = YES;
				CLANG_WARN_UNGUARDED_AVAILABILITY = YES_AGGRESSIVE;
				CLANG_WARN_UNREACHABLE_CODE = YES;
				CLANG_WARN__DUPLICATE_METHOD_MATCH = YES;
				COPY_PHASE_STRIP = NO;
				DEBUG_INFORMATION_FORMAT = dwarf;
				ENABLE_STRICT_OBJC_MSGSEND = YES;
				ENABLE_TESTABILITY = YES;
				GCC_C_LANGUAGE_STANDARD = gnu11;
				GCC_DYNAMIC_NO_PIC = NO;
				GCC_NO_COMMON_BLOCKS = YES;
				GCC_OPTIMIZATION_LEVEL = 0;
				GCC_PREPROCESSOR_DEFINITIONS = (
					"DEBUG=1",
					"$(inherited)",
				);
				GCC_WARN_64_TO_32_BIT_CONVERSION = YES;
				GCC_WARN_ABOUT_RETURN_TYPE = YES_ERROR;
				GCC_WARN_UNDECLARED_SELECTOR = YES;
				GCC_WARN_UNINITIALIZED_AUTOS = YES_AGGRESSIVE;
				GCC_WARN_UNUSED_FUNCTION = YES;
				GCC_WARN_UNUSED_VARIABLE = YES;
				MACOSX_DEPLOYMENT_TARGET = 12.3;
				MTL_ENABLE_DEBUG_INFO = INCLUDE_SOURCE;
				MTL_FAST_MATH = YES;
				ONLY_ACTIVE_ARCH = YES;
				SDKROOT = macosx;
				SWIFT_ACTIVE_COMPILATION_CONDITIONS = DEBUG;
				SWIFT_OPTIMIZATION_LEVEL = "-Onone";
			};
			name = Debug;
		};
		ADD5D3E228A3111C00BD5BCC /* Release */ = {
			isa = XCBuildConfiguration;
			buildSettings = {
				ALWAYS_SEARCH_USER_PATHS = NO;
				CLANG_ANALYZER_NONNULL = YES;
				CLANG_ANALYZER_NUMBER_OBJECT_CONVERSION = YES_AGGRESSIVE;
				CLANG_CXX_LANGUAGE_STANDARD = "gnu++17";
				CLANG_ENABLE_MODULES = YES;
				CLANG_ENABLE_OBJC_ARC = YES;
				CLANG_ENABLE_OBJC_WEAK = YES;
				CLANG_WARN_BLOCK_CAPTURE_AUTORELEASING = YES;
				CLANG_WARN_BOOL_CONVERSION = YES;
				CLANG_WARN_COMMA = YES;
				CLANG_WARN_CONSTANT_CONVERSION = YES;
				CLANG_WARN_DEPRECATED_OBJC_IMPLEMENTATIONS = YES;
				CLANG_WARN_DIRECT_OBJC_ISA_USAGE = YES_ERROR;
				CLANG_WARN_DOCUMENTATION_COMMENTS = YES;
				CLANG_WARN_EMPTY_BODY = YES;
				CLANG_WARN_ENUM_CONVERSION = YES;
				CLANG_WARN_INFINITE_RECURSION = YES;
				CLANG_WARN_INT_CONVERSION = YES;
				CLANG_WARN_NON_LITERAL_NULL_CONVERSION = YES;
				CLANG_WARN_OBJC_IMPLICIT_RETAIN_SELF = YES;
				CLANG_WARN_OBJC_LITERAL_CONVERSION = YES;
				CLANG_WARN_OBJC_ROOT_CLASS = YES_ERROR;
				CLANG_WARN_QUOTED_INCLUDE_IN_FRAMEWORK_HEADER = YES;
				CLANG_WARN_RANGE_LOOP_ANALYSIS = YES;
				CLANG_WARN_STRICT_PROTOTYPES = YES;
				CLANG_WARN_SUSPICIOUS_MOVE = YES;
				CLANG_WARN_UNGUARDED_AVAILABILITY = YES_AGGRESSIVE;
				CLANG_WARN_UNREACHABLE_CODE = YES;
				CLANG_WARN__DUPLICATE_METHOD_MATCH = YES;
				COPY_PHASE_STRIP = NO;
				DEBUG_INFORMATION_FORMAT = "dwarf-with-dsym";
				ENABLE_NS_ASSERTIONS = NO;
				ENABLE_STRICT_OBJC_MSGSEND = YES;
				GCC_C_LANGUAGE_STANDARD = gnu11;
				GCC_NO_COMMON_BLOCKS = YES;
				GCC_WARN_64_TO_32_BIT_CONVERSION = YES;
				GCC_WARN_ABOUT_RETURN_TYPE = YES_ERROR;
				GCC_WARN_UNDECLARED_SELECTOR = YES;
				GCC_WARN_UNINITIALIZED_AUTOS = YES_AGGRESSIVE;
				GCC_WARN_UNUSED_FUNCTION = YES;
				GCC_WARN_UNUSED_VARIABLE = YES;
				MACOSX_DEPLOYMENT_TARGET = 12.3;
				MTL_ENABLE_DEBUG_INFO = NO;
				MTL_FAST_MATH = YES;
				SDKROOT = macosx;
				SWIFT_COMPILATION_MODE = wholemodule;
				SWIFT_OPTIMIZATION_LEVEL = "-O";
			};
			name = Release;
		};
		ADD5D3F128A3120600BD5BCC /* Debug */ = {
			isa = XCBuildConfiguration;
			buildSettings = {
				CODE_SIGN_STYLE = Automatic;
				CURRENT_PROJECT_VERSION = 1;
				DEVELOPMENT_TEAM = S85L3BQN65;
				GENERATE_INFOPLIST_FILE = YES;
				MARKETING_VERSION = 1.0;
				PRODUCT_BUNDLE_IDENTIFIER = dev.radicheski.testLeetcode;
				PRODUCT_NAME = "$(TARGET_NAME)";
				SWIFT_EMIT_LOC_STRINGS = NO;
				SWIFT_VERSION = 5.0;
			};
			name = Debug;
		};
		ADD5D3F228A3120600BD5BCC /* Release */ = {
			isa = XCBuildConfiguration;
			buildSettings = {
				CODE_SIGN_STYLE = Automatic;
				CURRENT_PROJECT_VERSION = 1;
				DEVELOPMENT_TEAM = S85L3BQN65;
				GENERATE_INFOPLIST_FILE = YES;
				MARKETING_VERSION = 1.0;
				PRODUCT_BUNDLE_IDENTIFIER = dev.radicheski.testLeetcode;
				PRODUCT_NAME = "$(TARGET_NAME)";
				SWIFT_EMIT_LOC_STRINGS = NO;
				SWIFT_VERSION = 5.0;
			};
			name = Release;
		};
/* End XCBuildConfiguration section */

/* Begin XCConfigurationList section */
		ADD5D3D728A3111C00BD5BCC /* Build configuration list for PBXProject "LeetCode" */ = {
			isa = XCConfigurationList;
			buildConfigurations = (
				ADD5D3E128A3111C00BD5BCC /* Debug */,
				ADD5D3E228A3111C00BD5BCC /* Release */,
			);
			defaultConfigurationIsVisible = 0;
			defaultConfigurationName = Release;
		};
		ADD5D3F028A3120600BD5BCC /* Build configuration list for PBXNativeTarget "testLeetcode" */ = {
			isa = XCConfigurationList;
			buildConfigurations = (
				ADD5D3F128A3120600BD5BCC /* Debug */,
				ADD5D3F228A3120600BD5BCC /* Release */,
			);
			defaultConfigurationIsVisible = 0;
			defaultConfigurationName = Release;
		};
/* End XCConfigurationList section */
	};
	rootObject = ADD5D3D428A3111C00BD5BCC /* Project object */;
}
