// !$*UTF8*$!
{
	archiveVersion = 1;
	classes = {
	};
	objectVersion = 55;
	objects = {

/* Begin PBXBuildFile section */
		AD00F44628B96F2600A77B9C /* MinCostClimbingStairs.swift in Sources */ = {isa = PBXBuildFile; fileRef = AD00F44528B96F2600A77B9C /* MinCostClimbingStairs.swift */; };
		AD00F44828B96FB900A77B9C /* UniquePaths.swift in Sources */ = {isa = PBXBuildFile; fileRef = AD00F44728B96FB900A77B9C /* UniquePaths.swift */; };
		AD068C4C28DDC23400D4EB76 /* ConcatenationOfConsecutiveBinaryNumbers.swift in Sources */ = {isa = PBXBuildFile; fileRef = AD068C4B28DDC23400D4EB76 /* ConcatenationOfConsecutiveBinaryNumbers.swift */; };
		AD0AC56B28BE385B00D4608C /* LastStoneWeight.swift in Sources */ = {isa = PBXBuildFile; fileRef = AD0AC56A28BE385B00D4608C /* LastStoneWeight.swift */; };
		AD0AC56D28BE38C100D4608C /* TopKFrequentWords.swift in Sources */ = {isa = PBXBuildFile; fileRef = AD0AC56C28BE38C100D4608C /* TopKFrequentWords.swift */; };
		AD1BBB5628BB832B000032DD /* TwoSum.swift in Sources */ = {isa = PBXBuildFile; fileRef = AD1BBB5528BB832B000032DD /* TwoSum.swift */; };
		AD1BBB5828BB83CD000032DD /* BullsAndCows.swift in Sources */ = {isa = PBXBuildFile; fileRef = AD1BBB5728BB83CD000032DD /* BullsAndCows.swift */; };
		AD2A46D928AA9C9E009C45A8 /* RichestCustomerWealth.swift in Sources */ = {isa = PBXBuildFile; fileRef = AD2A46D828AA9C9E009C45A8 /* RichestCustomerWealth.swift */; };
		AD2FF7A528B506F90027AFB6 /* ValidateBinarySearchTree.swift in Sources */ = {isa = PBXBuildFile; fileRef = AD2FF7A428B506F90027AFB6 /* ValidateBinarySearchTree.swift */; };
		AD2FF7A728B50D3F0027AFB6 /* LowestCommonAncestorOfABinarySearchTree.swift in Sources */ = {isa = PBXBuildFile; fileRef = AD2FF7A628B50D3F0027AFB6 /* LowestCommonAncestorOfABinarySearchTree.swift */; };
		AD325C3F28E32A5A0039107E /* ReverseBits.swift in Sources */ = {isa = PBXBuildFile; fileRef = AD325C3E28E32A5A0039107E /* ReverseBits.swift */; };
		AD325C4128E32B230039107E /* SingleNumber.swift in Sources */ = {isa = PBXBuildFile; fileRef = AD325C4028E32B230039107E /* SingleNumber.swift */; };
		AD361C4B28E1C883002962BB /* PowerOfTwo.swift in Sources */ = {isa = PBXBuildFile; fileRef = AD361C4A28E1C883002962BB /* PowerOfTwo.swift */; };
		AD361C4D28E1C929002962BB /* NumberOfOneBits.swift in Sources */ = {isa = PBXBuildFile; fileRef = AD361C4C28E1C929002962BB /* NumberOfOneBits.swift */; };
		AD39B0C928CF4B05008FECE7 /* SearchInABinarySearchTree.swift in Sources */ = {isa = PBXBuildFile; fileRef = AD39B0C828CF4B05008FECE7 /* SearchInABinarySearchTree.swift */; };
		AD39B0CB28CF4B7B008FECE7 /* InsertIntoABinarySearchTree.swift in Sources */ = {isa = PBXBuildFile; fileRef = AD39B0CA28CF4B7B008FECE7 /* InsertIntoABinarySearchTree.swift */; };
		AD3ED08228D34DD90080829A /* SquaresOfASortedArray.swift in Sources */ = {isa = PBXBuildFile; fileRef = AD3ED08128D34DD90080829A /* SquaresOfASortedArray.swift */; };
		AD3ED08428D34EBD0080829A /* RotateArray.swift in Sources */ = {isa = PBXBuildFile; fileRef = AD3ED08328D34EBD0080829A /* RotateArray.swift */; };
		AD45D00128D9DCD000544C0A /* MaxAreaOfIsland.swift in Sources */ = {isa = PBXBuildFile; fileRef = AD45D00028D9DCD000544C0A /* MaxAreaOfIsland.swift */; };
		AD4BDEA828A7DAB300E61565 /* RomanToInteger.swift in Sources */ = {isa = PBXBuildFile; fileRef = AD4BDEA728A7DAB300E61565 /* RomanToInteger.swift */; };
		AD4BDEAA28A7DDA700E61565 /* FizzBuzz.swift in Sources */ = {isa = PBXBuildFile; fileRef = AD4BDEA928A7DDA700E61565 /* FizzBuzz.swift */; };
		AD4BDEAC28A7DE3200E61565 /* MiddleOfTheLinkedList.swift in Sources */ = {isa = PBXBuildFile; fileRef = AD4BDEAB28A7DE3200E61565 /* MiddleOfTheLinkedList.swift */; };
		AD4BDEAF28A7DF2F00E61565 /* ListNode.swift in Sources */ = {isa = PBXBuildFile; fileRef = AD4BDEAE28A7DF2F00E61565 /* ListNode.swift */; };
		AD4BDEB128A7E03200E61565 /* TheKWeakestRowsInAMatrix.swift in Sources */ = {isa = PBXBuildFile; fileRef = AD4BDEB028A7E03200E61565 /* TheKWeakestRowsInAMatrix.swift */; };
		AD4DCBF728E70C6300A81C5F /* PascalsTriangle2.swift in Sources */ = {isa = PBXBuildFile; fileRef = AD4DCBF628E70C6300A81C5F /* PascalsTriangle2.swift */; };
		AD4DCBF928E70EE600A81C5F /* RotateImage.swift in Sources */ = {isa = PBXBuildFile; fileRef = AD4DCBF828E70EE600A81C5F /* RotateImage.swift */; };
		AD4DCBFB28E70FB900A81C5F /* SpiralMatrix2.swift in Sources */ = {isa = PBXBuildFile; fileRef = AD4DCBFA28E70FB900A81C5F /* SpiralMatrix2.swift */; };
		AD5CBBE628B251A500495544 /* Node.swift in Sources */ = {isa = PBXBuildFile; fileRef = AD5CBBE528B251A500495544 /* Node.swift */; };
		AD5CBBE828B251D700495544 /* NaryTreePreorderTraversal.swift in Sources */ = {isa = PBXBuildFile; fileRef = AD5CBBE728B251D700495544 /* NaryTreePreorderTraversal.swift */; };
		AD5CBBEA28B2547F00495544 /* BinaryTreeLevelOrderTraversal.swift in Sources */ = {isa = PBXBuildFile; fileRef = AD5CBBE928B2547F00495544 /* BinaryTreeLevelOrderTraversal.swift */; };
		AD5CBBEC28B254A000495544 /* TreeNode.swift in Sources */ = {isa = PBXBuildFile; fileRef = AD5CBBEB28B254A000495544 /* TreeNode.swift */; };
		AD7DC46428CE023F00631E4A /* InvertBinaryTree.swift in Sources */ = {isa = PBXBuildFile; fileRef = AD7DC46328CE023F00631E4A /* InvertBinaryTree.swift */; };
		AD7DC46628CE02A600631E4A /* PathSum.swift in Sources */ = {isa = PBXBuildFile; fileRef = AD7DC46528CE02A600631E4A /* PathSum.swift */; };
		AD820F5928B6529700BA068E /* FloodFill.swift in Sources */ = {isa = PBXBuildFile; fileRef = AD820F5828B6529700BA068E /* FloodFill.swift */; };
		AD820F5B28B65A1C00BA068E /* NumberOfIslands.swift in Sources */ = {isa = PBXBuildFile; fileRef = AD820F5A28B65A1C00BA068E /* NumberOfIslands.swift */; };
		AD844B0D28CA209C008E1AEF /* ValidParentheses.swift in Sources */ = {isa = PBXBuildFile; fileRef = AD844B0C28CA209C008E1AEF /* ValidParentheses.swift */; };
		AD844B0F28CA20F4008E1AEF /* ImplementQueueUsingStacks.swift in Sources */ = {isa = PBXBuildFile; fileRef = AD844B0E28CA20F4008E1AEF /* ImplementQueueUsingStacks.swift */; };
		AD88EE2328AEA91A007E3D7C /* MergeTwoSortedLists.swift in Sources */ = {isa = PBXBuildFile; fileRef = AD88EE2228AEA91A007E3D7C /* MergeTwoSortedLists.swift */; };
		AD88EE2528AF13C3007E3D7C /* ReverseLinkedList.swift in Sources */ = {isa = PBXBuildFile; fileRef = AD88EE2428AF13C3007E3D7C /* ReverseLinkedList.swift */; };
		AD8C5AD028E074A000E821D7 /* HouseRobber.swift in Sources */ = {isa = PBXBuildFile; fileRef = AD8C5ACF28E074A000E821D7 /* HouseRobber.swift */; };
		AD8C5AD228E0751A00E821D7 /* Triangle.swift in Sources */ = {isa = PBXBuildFile; fileRef = AD8C5AD128E0751A00E821D7 /* Triangle.swift */; };
		AD90565328C4C6A700886275 /* ValidSudoku.swift in Sources */ = {isa = PBXBuildFile; fileRef = AD90565228C4C6A600886275 /* ValidSudoku.swift */; };
		AD90565528C4C71600886275 /* SearchA2DMatrix.swift in Sources */ = {isa = PBXBuildFile; fileRef = AD90565428C4C71600886275 /* SearchA2DMatrix.swift */; };
		AD933EF028E46C2300B1B2DA /* MajorityElement.swift in Sources */ = {isa = PBXBuildFile; fileRef = AD933EEF28E46C2300B1B2DA /* MajorityElement.swift */; };
		AD933EF228E46CAA00B1B2DA /* ThreeSum.swift in Sources */ = {isa = PBXBuildFile; fileRef = AD933EF128E46CAA00B1B2DA /* ThreeSum.swift */; };
		AD967DDB28C36AC0005408E7 /* ReshapeTheMatrix.swift in Sources */ = {isa = PBXBuildFile; fileRef = AD967DDA28C36AC0005408E7 /* ReshapeTheMatrix.swift */; };
		AD967DDD28C36B3D005408E7 /* PascalsTriangle.swift in Sources */ = {isa = PBXBuildFile; fileRef = AD967DDC28C36B3D005408E7 /* PascalsTriangle.swift */; };
		AD9914AA28C0DBD500BCFDAB /* MergeSortedArray.swift in Sources */ = {isa = PBXBuildFile; fileRef = AD9914A928C0DBD500BCFDAB /* MergeSortedArray.swift */; };
		AD9B070728B049DF00ADFB43 /* LinkedListCycle2.swift in Sources */ = {isa = PBXBuildFile; fileRef = AD9B070628B049DF00ADFB43 /* LinkedListCycle2.swift */; };
		ADA08C5A28D5E8E700B816C2 /* ReverseString.swift in Sources */ = {isa = PBXBuildFile; fileRef = ADA08C5928D5E8E700B816C2 /* ReverseString.swift */; };
		ADA08C5C28D5E99600B816C2 /* ReverseWordsInAString3.swift in Sources */ = {isa = PBXBuildFile; fileRef = ADA08C5B28D5E99600B816C2 /* ReverseWordsInAString3.swift */; };
		ADA4798B28CCCEF800C23FF0 /* MaximumDepthOfBinaryTree.swift in Sources */ = {isa = PBXBuildFile; fileRef = ADA4798A28CCCEF800C23FF0 /* MaximumDepthOfBinaryTree.swift */; };
		ADA4798D28CCCFF900C23FF0 /* SymmetricTree.swift in Sources */ = {isa = PBXBuildFile; fileRef = ADA4798C28CCCFF900C23FF0 /* SymmetricTree.swift */; };
		ADA94B9028D7434D00D07819 /* RemoveNthNodeFromEndOfList.swift in Sources */ = {isa = PBXBuildFile; fileRef = ADA94B8F28D7434D00D07819 /* RemoveNthNodeFromEndOfList.swift */; };
		ADADF18A28C8FF030021B192 /* RemoveDuplicatesFromSortedList.swift in Sources */ = {isa = PBXBuildFile; fileRef = ADADF18928C8FF030021B192 /* RemoveDuplicatesFromSortedList.swift */; };
		ADB40E5A28E9AF3D00D51F9C /* IncreasingTripletSubsequence.swift in Sources */ = {isa = PBXBuildFile; fileRef = ADB40E5928E9AF3D00D51F9C /* IncreasingTripletSubsequence.swift */; };
		ADB40E5C28E9B00B00D51F9C /* ProductOfArrayExceptSelf.swift in Sources */ = {isa = PBXBuildFile; fileRef = ADB40E5B28E9B00B00D51F9C /* ProductOfArrayExceptSelf.swift */; };
		ADB40E5E28E9B2F800D51F9C /* SubarraySumEqualsK.swift in Sources */ = {isa = PBXBuildFile; fileRef = ADB40E5D28E9B2F800D51F9C /* SubarraySumEqualsK.swift */; };
		ADB53A3A28BA4AB300C937F7 /* FindAllAnagramsInAString.swift in Sources */ = {isa = PBXBuildFile; fileRef = ADB53A3928BA4AB300C937F7 /* FindAllAnagramsInAString.swift */; };
		ADB53A3C28BA4BB200C937F7 /* LongestRepeatingCharacterReplacement.swift in Sources */ = {isa = PBXBuildFile; fileRef = ADB53A3B28BA4BB200C937F7 /* LongestRepeatingCharacterReplacement.swift */; };
		ADBC9C1528EDA96B00459081 /* MultiplyStrings.swift in Sources */ = {isa = PBXBuildFile; fileRef = ADBC9C1428EDA96B00459081 /* MultiplyStrings.swift */; };
		ADBC9C1728EDAA4E00459081 /* GroupAnagrams.swift in Sources */ = {isa = PBXBuildFile; fileRef = ADBC9C1628EDAA4E00459081 /* GroupAnagrams.swift */; };
		ADBEEB6828BF847B0069B4BB /* ContainsDuplicate.swift in Sources */ = {isa = PBXBuildFile; fileRef = ADBEEB6728BF847B0069B4BB /* ContainsDuplicate.swift */; };
		ADBEEB6A28BF84F90069B4BB /* MaximumSubarray.swift in Sources */ = {isa = PBXBuildFile; fileRef = ADBEEB6928BF84F90069B4BB /* MaximumSubarray.swift */; };
		ADC46DB028A922C7003B926E /* NumberOfStepsRoReduceANumberToZero.swift in Sources */ = {isa = PBXBuildFile; fileRef = ADC46DAF28A922C7003B926E /* NumberOfStepsRoReduceANumberToZero.swift */; };
		ADC482CC28DF202300EAE8CC /* Combinations.swift in Sources */ = {isa = PBXBuildFile; fileRef = ADC482CB28DF202300EAE8CC /* Combinations.swift */; };
		ADC482CE28DF20DA00EAE8CC /* Permutations.swift in Sources */ = {isa = PBXBuildFile; fileRef = ADC482CD28DF20DA00EAE8CC /* Permutations.swift */; };
		ADC482D028DF217100EAE8CC /* LetterCasePermutation.swift in Sources */ = {isa = PBXBuildFile; fileRef = ADC482CF28DF217100EAE8CC /* LetterCasePermutation.swift */; };
		ADC5823A28DB2CA9006D9591 /* MergeTwoBinaryTrees.swift in Sources */ = {isa = PBXBuildFile; fileRef = ADC5823928DB2CA9006D9591 /* MergeTwoBinaryTrees.swift */; };
		ADC5823C28DB2DBA006D9591 /* PopulatingNextRightPointersInEachNode.swift in Sources */ = {isa = PBXBuildFile; fileRef = ADC5823B28DB2DBA006D9591 /* PopulatingNextRightPointersInEachNode.swift */; };
		ADC5B13728AD5102002FED4E /* IsomorphicStrings.swift in Sources */ = {isa = PBXBuildFile; fileRef = ADC5B13628AD5102002FED4E /* IsomorphicStrings.swift */; };
		ADC5B13928AD5A00002FED4E /* IsSubsequence.swift in Sources */ = {isa = PBXBuildFile; fileRef = ADC5B13828AD5A00002FED4E /* IsSubsequence.swift */; };
		ADD1C41A28B3C83500E63642 /* BinarySearch.swift in Sources */ = {isa = PBXBuildFile; fileRef = ADD1C41928B3C83500E63642 /* BinarySearch.swift */; };
		ADD1C41C28B3CA3F00E63642 /* FirstBadVersion.swift in Sources */ = {isa = PBXBuildFile; fileRef = ADD1C41B28B3CA3F00E63642 /* FirstBadVersion.swift */; };
		ADD27D5528D0A150002F114F /* TwoSum4.swift in Sources */ = {isa = PBXBuildFile; fileRef = ADD27D5428D0A150002F114F /* TwoSum4.swift */; };
		ADD5D3F328A3120A00BD5BCC /* RansomNote.swift in Sources */ = {isa = PBXBuildFile; fileRef = ADD5D3E628A3114600BD5BCC /* RansomNote.swift */; };
		ADD5D3F528A3147200BD5BCC /* PalindromeLinkedList.swift in Sources */ = {isa = PBXBuildFile; fileRef = ADD5D3F428A3147200BD5BCC /* PalindromeLinkedList.swift */; };
		ADD6AF4328D882B500D74CFB /* LongestSubstringWithoutRepeatingCharacters.swift in Sources */ = {isa = PBXBuildFile; fileRef = ADD6AF4228D882B500D74CFB /* LongestSubstringWithoutRepeatingCharacters.swift */; };
		ADD6AF4528D8833C00D74CFB /* PermutationInString.swift in Sources */ = {isa = PBXBuildFile; fileRef = ADD6AF4428D8833C00D74CFB /* PermutationInString.swift */; };
		ADD9772028C7BD520028FCB0 /* LinkedListCycle.swift in Sources */ = {isa = PBXBuildFile; fileRef = ADD9771F28C7BD520028FCB0 /* LinkedListCycle.swift */; };
		ADD9772228C7BED80028FCB0 /* RemoveLinkedListElements.swift in Sources */ = {isa = PBXBuildFile; fileRef = ADD9772128C7BED80028FCB0 /* RemoveLinkedListElements.swift */; };
		ADDC47DD28E85E7D0099DDC5 /* SearchA2DMatrix2.swift in Sources */ = {isa = PBXBuildFile; fileRef = ADDC47DC28E85E7D0099DDC5 /* SearchA2DMatrix2.swift */; };
		ADDC47DF28E861E40099DDC5 /* NonOverlappingIntervals.swift in Sources */ = {isa = PBXBuildFile; fileRef = ADDC47DE28E861E40099DDC5 /* NonOverlappingIntervals.swift */; };
		ADDCF94928BCD57200E7CA46 /* BackspaceStringCompare.swift in Sources */ = {isa = PBXBuildFile; fileRef = ADDCF94828BCD57200E7CA46 /* BackspaceStringCompare.swift */; };
		ADDCF94B28BCD5F400E7CA46 /* DecodeString.swift in Sources */ = {isa = PBXBuildFile; fileRef = ADDCF94A28BCD5F400E7CA46 /* DecodeString.swift */; };
		ADE175DC28B117420022F308 /* BestTimeToBuyAndSellStock.swift in Sources */ = {isa = PBXBuildFile; fileRef = ADE175DB28B117420022F308 /* BestTimeToBuyAndSellStock.swift */; };
		ADE175DE28B1262A0022F308 /* LongestPalindrome.swift in Sources */ = {isa = PBXBuildFile; fileRef = ADE175DD28B1262A0022F308 /* LongestPalindrome.swift */; };
		ADE1BD2528DC7C2A008ED566 /* ZeroOneMatrix.swift in Sources */ = {isa = PBXBuildFile; fileRef = ADE1BD2428DC7C2A008ED566 /* ZeroOneMatrix.swift */; };
		ADE1BD2728DC7CAF008ED566 /* RottingOranges.swift in Sources */ = {isa = PBXBuildFile; fileRef = ADE1BD2628DC7CAF008ED566 /* RottingOranges.swift */; };
		ADE4724E28EAFE7D00B5E8D1 /* AddStrings.swift in Sources */ = {isa = PBXBuildFile; fileRef = ADE4724D28EAFE7D00B5E8D1 /* AddStrings.swift */; };
		ADEB5A6028CB76F4004D8EAC /* BinaryTreePreorderTraversal.swift in Sources */ = {isa = PBXBuildFile; fileRef = ADEB5A5F28CB76F4004D8EAC /* BinaryTreePreorderTraversal.swift */; };
		ADEB5A6228CB7730004D8EAC /* BinaryTreeInorderTraversal.swift in Sources */ = {isa = PBXBuildFile; fileRef = ADEB5A6128CB7730004D8EAC /* BinaryTreeInorderTraversal.swift */; };
		ADEB5A6428CB7792004D8EAC /* BinaryTreePostorderTraversal.swift in Sources */ = {isa = PBXBuildFile; fileRef = ADEB5A6328CB7792004D8EAC /* BinaryTreePostorderTraversal.swift */; };
		ADEE310528B7A5B400448525 /* FibonacciNumber.swift in Sources */ = {isa = PBXBuildFile; fileRef = ADEE310428B7A5B400448525 /* FibonacciNumber.swift */; };
		ADEE310728B7A6BE00448525 /* ClimbingStairs.swift in Sources */ = {isa = PBXBuildFile; fileRef = ADEE310628B7A6BE00448525 /* ClimbingStairs.swift */; };
		ADEFCB5028E5B6A500F62033 /* SortColors.swift in Sources */ = {isa = PBXBuildFile; fileRef = ADEFCB4F28E5B6A500F62033 /* SortColors.swift */; };
		ADEFCB5228E5B74800F62033 /* MergeIntervals.swift in Sources */ = {isa = PBXBuildFile; fileRef = ADEFCB5128E5B74800F62033 /* MergeIntervals.swift */; };
		ADEFCB5428E5B7E000F62033 /* DesignHashMap.swift in Sources */ = {isa = PBXBuildFile; fileRef = ADEFCB5328E5B7E000F62033 /* DesignHashMap.swift */; };
		ADF0631728D4902300546CCC /* MoveZeroes.swift in Sources */ = {isa = PBXBuildFile; fileRef = ADF0631628D4902300546CCC /* MoveZeroes.swift */; };
		ADF0631928D490D000546CCC /* TwoSum2.swift in Sources */ = {isa = PBXBuildFile; fileRef = ADF0631828D490D000546CCC /* TwoSum2.swift */; };
		ADF58E1028C622D7000E08DB /* FirstUniqueCharacterInAString.swift in Sources */ = {isa = PBXBuildFile; fileRef = ADF58E0F28C622D7000E08DB /* FirstUniqueCharacterInAString.swift */; };
		ADF58E1228C6236D000E08DB /* ValidAnagram.swift in Sources */ = {isa = PBXBuildFile; fileRef = ADF58E1128C6236D000E08DB /* ValidAnagram.swift */; };
		ADF5BF6F28CF7A3F00668B2D /* ListNodeTest.swift in Sources */ = {isa = PBXBuildFile; fileRef = ADF5BF6E28CF7A3F00668B2D /* ListNodeTest.swift */; };
		ADF865EF28C224C700885B7A /* IntersectionOfTwoArrays2.swift in Sources */ = {isa = PBXBuildFile; fileRef = ADF865EE28C224C700885B7A /* IntersectionOfTwoArrays2.swift */; };
		ADF9806A28AC0309004BB6EC /* RunningSumOf1dArray.swift in Sources */ = {isa = PBXBuildFile; fileRef = ADF9806928AC0309004BB6EC /* RunningSumOf1dArray.swift */; };
		ADF9806C28AC03CF004BB6EC /* FindPivotIndex.swift in Sources */ = {isa = PBXBuildFile; fileRef = ADF9806B28AC03CF004BB6EC /* FindPivotIndex.swift */; };
		ADF9B02228EC4CF8003975A6 /* WordPattern.swift in Sources */ = {isa = PBXBuildFile; fileRef = ADF9B02128EC4CF8003975A6 /* WordPattern.swift */; };
		ADF9B02428EC4D82003975A6 /* PartitionLabels.swift in Sources */ = {isa = PBXBuildFile; fileRef = ADF9B02328EC4D82003975A6 /* PartitionLabels.swift */; };
		ADFE121528D1EA470063013C /* SearchInsertPosition.swift in Sources */ = {isa = PBXBuildFile; fileRef = ADFE121428D1EA470063013C /* SearchInsertPosition.swift */; };
/* End PBXBuildFile section */

/* Begin PBXFileReference section */
		AD00F44528B96F2600A77B9C /* MinCostClimbingStairs.swift */ = {isa = PBXFileReference; lastKnownFileType = sourcecode.swift; path = MinCostClimbingStairs.swift; sourceTree = "<group>"; };
		AD00F44728B96FB900A77B9C /* UniquePaths.swift */ = {isa = PBXFileReference; lastKnownFileType = sourcecode.swift; path = UniquePaths.swift; sourceTree = "<group>"; };
		AD068C4B28DDC23400D4EB76 /* ConcatenationOfConsecutiveBinaryNumbers.swift */ = {isa = PBXFileReference; lastKnownFileType = sourcecode.swift; path = ConcatenationOfConsecutiveBinaryNumbers.swift; sourceTree = "<group>"; };
		AD0AC56A28BE385B00D4608C /* LastStoneWeight.swift */ = {isa = PBXFileReference; lastKnownFileType = sourcecode.swift; path = LastStoneWeight.swift; sourceTree = "<group>"; };
		AD0AC56C28BE38C100D4608C /* TopKFrequentWords.swift */ = {isa = PBXFileReference; lastKnownFileType = sourcecode.swift; path = TopKFrequentWords.swift; sourceTree = "<group>"; };
		AD1BBB5528BB832B000032DD /* TwoSum.swift */ = {isa = PBXFileReference; lastKnownFileType = sourcecode.swift; path = TwoSum.swift; sourceTree = "<group>"; };
		AD1BBB5728BB83CD000032DD /* BullsAndCows.swift */ = {isa = PBXFileReference; lastKnownFileType = sourcecode.swift; path = BullsAndCows.swift; sourceTree = "<group>"; };
		AD2A46D828AA9C9E009C45A8 /* RichestCustomerWealth.swift */ = {isa = PBXFileReference; lastKnownFileType = sourcecode.swift; path = RichestCustomerWealth.swift; sourceTree = "<group>"; };
		AD2FF7A428B506F90027AFB6 /* ValidateBinarySearchTree.swift */ = {isa = PBXFileReference; lastKnownFileType = sourcecode.swift; path = ValidateBinarySearchTree.swift; sourceTree = "<group>"; };
		AD2FF7A628B50D3F0027AFB6 /* LowestCommonAncestorOfABinarySearchTree.swift */ = {isa = PBXFileReference; lastKnownFileType = sourcecode.swift; path = LowestCommonAncestorOfABinarySearchTree.swift; sourceTree = "<group>"; };
		AD325C3E28E32A5A0039107E /* ReverseBits.swift */ = {isa = PBXFileReference; lastKnownFileType = sourcecode.swift; path = ReverseBits.swift; sourceTree = "<group>"; };
		AD325C4028E32B230039107E /* SingleNumber.swift */ = {isa = PBXFileReference; lastKnownFileType = sourcecode.swift; path = SingleNumber.swift; sourceTree = "<group>"; };
		AD361C4A28E1C883002962BB /* PowerOfTwo.swift */ = {isa = PBXFileReference; lastKnownFileType = sourcecode.swift; path = PowerOfTwo.swift; sourceTree = "<group>"; };
		AD361C4C28E1C929002962BB /* NumberOfOneBits.swift */ = {isa = PBXFileReference; lastKnownFileType = sourcecode.swift; path = NumberOfOneBits.swift; sourceTree = "<group>"; };
		AD39B0C828CF4B05008FECE7 /* SearchInABinarySearchTree.swift */ = {isa = PBXFileReference; lastKnownFileType = sourcecode.swift; path = SearchInABinarySearchTree.swift; sourceTree = "<group>"; };
		AD39B0CA28CF4B7B008FECE7 /* InsertIntoABinarySearchTree.swift */ = {isa = PBXFileReference; lastKnownFileType = sourcecode.swift; path = InsertIntoABinarySearchTree.swift; sourceTree = "<group>"; };
		AD3ED08128D34DD90080829A /* SquaresOfASortedArray.swift */ = {isa = PBXFileReference; lastKnownFileType = sourcecode.swift; path = SquaresOfASortedArray.swift; sourceTree = "<group>"; };
		AD3ED08328D34EBD0080829A /* RotateArray.swift */ = {isa = PBXFileReference; lastKnownFileType = sourcecode.swift; path = RotateArray.swift; sourceTree = "<group>"; };
		AD45D00028D9DCD000544C0A /* MaxAreaOfIsland.swift */ = {isa = PBXFileReference; lastKnownFileType = sourcecode.swift; path = MaxAreaOfIsland.swift; sourceTree = "<group>"; };
		AD4BDEA728A7DAB300E61565 /* RomanToInteger.swift */ = {isa = PBXFileReference; lastKnownFileType = sourcecode.swift; path = RomanToInteger.swift; sourceTree = "<group>"; };
		AD4BDEA928A7DDA700E61565 /* FizzBuzz.swift */ = {isa = PBXFileReference; lastKnownFileType = sourcecode.swift; path = FizzBuzz.swift; sourceTree = "<group>"; };
		AD4BDEAB28A7DE3200E61565 /* MiddleOfTheLinkedList.swift */ = {isa = PBXFileReference; lastKnownFileType = sourcecode.swift; path = MiddleOfTheLinkedList.swift; sourceTree = "<group>"; };
		AD4BDEAE28A7DF2F00E61565 /* ListNode.swift */ = {isa = PBXFileReference; lastKnownFileType = sourcecode.swift; path = ListNode.swift; sourceTree = "<group>"; };
		AD4BDEB028A7E03200E61565 /* TheKWeakestRowsInAMatrix.swift */ = {isa = PBXFileReference; lastKnownFileType = sourcecode.swift; path = TheKWeakestRowsInAMatrix.swift; sourceTree = "<group>"; };
		AD4DCBF628E70C6300A81C5F /* PascalsTriangle2.swift */ = {isa = PBXFileReference; lastKnownFileType = sourcecode.swift; path = PascalsTriangle2.swift; sourceTree = "<group>"; };
		AD4DCBF828E70EE600A81C5F /* RotateImage.swift */ = {isa = PBXFileReference; lastKnownFileType = sourcecode.swift; path = RotateImage.swift; sourceTree = "<group>"; };
		AD4DCBFA28E70FB900A81C5F /* SpiralMatrix2.swift */ = {isa = PBXFileReference; lastKnownFileType = sourcecode.swift; path = SpiralMatrix2.swift; sourceTree = "<group>"; };
		AD5CBBE528B251A500495544 /* Node.swift */ = {isa = PBXFileReference; lastKnownFileType = sourcecode.swift; path = Node.swift; sourceTree = "<group>"; };
		AD5CBBE728B251D700495544 /* NaryTreePreorderTraversal.swift */ = {isa = PBXFileReference; lastKnownFileType = sourcecode.swift; path = NaryTreePreorderTraversal.swift; sourceTree = "<group>"; };
		AD5CBBE928B2547F00495544 /* BinaryTreeLevelOrderTraversal.swift */ = {isa = PBXFileReference; lastKnownFileType = sourcecode.swift; path = BinaryTreeLevelOrderTraversal.swift; sourceTree = "<group>"; };
		AD5CBBEB28B254A000495544 /* TreeNode.swift */ = {isa = PBXFileReference; lastKnownFileType = sourcecode.swift; path = TreeNode.swift; sourceTree = "<group>"; };
		AD7DC46328CE023F00631E4A /* InvertBinaryTree.swift */ = {isa = PBXFileReference; lastKnownFileType = sourcecode.swift; path = InvertBinaryTree.swift; sourceTree = "<group>"; };
		AD7DC46528CE02A600631E4A /* PathSum.swift */ = {isa = PBXFileReference; lastKnownFileType = sourcecode.swift; path = PathSum.swift; sourceTree = "<group>"; };
		AD820F5828B6529700BA068E /* FloodFill.swift */ = {isa = PBXFileReference; lastKnownFileType = sourcecode.swift; path = FloodFill.swift; sourceTree = "<group>"; };
		AD820F5A28B65A1C00BA068E /* NumberOfIslands.swift */ = {isa = PBXFileReference; lastKnownFileType = sourcecode.swift; path = NumberOfIslands.swift; sourceTree = "<group>"; };
		AD844B0C28CA209C008E1AEF /* ValidParentheses.swift */ = {isa = PBXFileReference; lastKnownFileType = sourcecode.swift; path = ValidParentheses.swift; sourceTree = "<group>"; };
		AD844B0E28CA20F4008E1AEF /* ImplementQueueUsingStacks.swift */ = {isa = PBXFileReference; lastKnownFileType = sourcecode.swift; path = ImplementQueueUsingStacks.swift; sourceTree = "<group>"; };
		AD88EE2228AEA91A007E3D7C /* MergeTwoSortedLists.swift */ = {isa = PBXFileReference; lastKnownFileType = sourcecode.swift; path = MergeTwoSortedLists.swift; sourceTree = "<group>"; };
		AD88EE2428AF13C3007E3D7C /* ReverseLinkedList.swift */ = {isa = PBXFileReference; lastKnownFileType = sourcecode.swift; path = ReverseLinkedList.swift; sourceTree = "<group>"; };
		AD8C5ACF28E074A000E821D7 /* HouseRobber.swift */ = {isa = PBXFileReference; lastKnownFileType = sourcecode.swift; path = HouseRobber.swift; sourceTree = "<group>"; };
		AD8C5AD128E0751A00E821D7 /* Triangle.swift */ = {isa = PBXFileReference; lastKnownFileType = sourcecode.swift; path = Triangle.swift; sourceTree = "<group>"; };
		AD90565228C4C6A600886275 /* ValidSudoku.swift */ = {isa = PBXFileReference; lastKnownFileType = sourcecode.swift; path = ValidSudoku.swift; sourceTree = "<group>"; };
		AD90565428C4C71600886275 /* SearchA2DMatrix.swift */ = {isa = PBXFileReference; lastKnownFileType = sourcecode.swift; path = SearchA2DMatrix.swift; sourceTree = "<group>"; };
		AD933EEF28E46C2300B1B2DA /* MajorityElement.swift */ = {isa = PBXFileReference; lastKnownFileType = sourcecode.swift; path = MajorityElement.swift; sourceTree = "<group>"; };
		AD933EF128E46CAA00B1B2DA /* ThreeSum.swift */ = {isa = PBXFileReference; lastKnownFileType = sourcecode.swift; path = ThreeSum.swift; sourceTree = "<group>"; };
		AD967DDA28C36AC0005408E7 /* ReshapeTheMatrix.swift */ = {isa = PBXFileReference; lastKnownFileType = sourcecode.swift; path = ReshapeTheMatrix.swift; sourceTree = "<group>"; };
		AD967DDC28C36B3D005408E7 /* PascalsTriangle.swift */ = {isa = PBXFileReference; lastKnownFileType = sourcecode.swift; path = PascalsTriangle.swift; sourceTree = "<group>"; };
		AD9914A928C0DBD500BCFDAB /* MergeSortedArray.swift */ = {isa = PBXFileReference; lastKnownFileType = sourcecode.swift; path = MergeSortedArray.swift; sourceTree = "<group>"; };
		AD9B070628B049DF00ADFB43 /* LinkedListCycle2.swift */ = {isa = PBXFileReference; lastKnownFileType = sourcecode.swift; path = LinkedListCycle2.swift; sourceTree = "<group>"; };
		ADA08C5928D5E8E700B816C2 /* ReverseString.swift */ = {isa = PBXFileReference; lastKnownFileType = sourcecode.swift; path = ReverseString.swift; sourceTree = "<group>"; };
		ADA08C5B28D5E99600B816C2 /* ReverseWordsInAString3.swift */ = {isa = PBXFileReference; lastKnownFileType = sourcecode.swift; path = ReverseWordsInAString3.swift; sourceTree = "<group>"; };
		ADA4798A28CCCEF800C23FF0 /* MaximumDepthOfBinaryTree.swift */ = {isa = PBXFileReference; lastKnownFileType = sourcecode.swift; path = MaximumDepthOfBinaryTree.swift; sourceTree = "<group>"; };
		ADA4798C28CCCFF900C23FF0 /* SymmetricTree.swift */ = {isa = PBXFileReference; lastKnownFileType = sourcecode.swift; path = SymmetricTree.swift; sourceTree = "<group>"; };
		ADA94B8F28D7434D00D07819 /* RemoveNthNodeFromEndOfList.swift */ = {isa = PBXFileReference; lastKnownFileType = sourcecode.swift; path = RemoveNthNodeFromEndOfList.swift; sourceTree = "<group>"; };
		ADADF18928C8FF030021B192 /* RemoveDuplicatesFromSortedList.swift */ = {isa = PBXFileReference; lastKnownFileType = sourcecode.swift; path = RemoveDuplicatesFromSortedList.swift; sourceTree = "<group>"; };
		ADB40E5928E9AF3D00D51F9C /* IncreasingTripletSubsequence.swift */ = {isa = PBXFileReference; lastKnownFileType = sourcecode.swift; path = IncreasingTripletSubsequence.swift; sourceTree = "<group>"; };
		ADB40E5B28E9B00B00D51F9C /* ProductOfArrayExceptSelf.swift */ = {isa = PBXFileReference; lastKnownFileType = sourcecode.swift; path = ProductOfArrayExceptSelf.swift; sourceTree = "<group>"; };
		ADB40E5D28E9B2F800D51F9C /* SubarraySumEqualsK.swift */ = {isa = PBXFileReference; lastKnownFileType = sourcecode.swift; path = SubarraySumEqualsK.swift; sourceTree = "<group>"; };
		ADB53A3928BA4AB300C937F7 /* FindAllAnagramsInAString.swift */ = {isa = PBXFileReference; lastKnownFileType = sourcecode.swift; path = FindAllAnagramsInAString.swift; sourceTree = "<group>"; };
		ADB53A3B28BA4BB200C937F7 /* LongestRepeatingCharacterReplacement.swift */ = {isa = PBXFileReference; lastKnownFileType = sourcecode.swift; path = LongestRepeatingCharacterReplacement.swift; sourceTree = "<group>"; };
		ADBC9C1428EDA96B00459081 /* MultiplyStrings.swift */ = {isa = PBXFileReference; lastKnownFileType = sourcecode.swift; path = MultiplyStrings.swift; sourceTree = "<group>"; };
		ADBC9C1628EDAA4E00459081 /* GroupAnagrams.swift */ = {isa = PBXFileReference; lastKnownFileType = sourcecode.swift; path = GroupAnagrams.swift; sourceTree = "<group>"; };
		ADBEEB6728BF847B0069B4BB /* ContainsDuplicate.swift */ = {isa = PBXFileReference; lastKnownFileType = sourcecode.swift; path = ContainsDuplicate.swift; sourceTree = "<group>"; };
		ADBEEB6928BF84F90069B4BB /* MaximumSubarray.swift */ = {isa = PBXFileReference; lastKnownFileType = sourcecode.swift; path = MaximumSubarray.swift; sourceTree = "<group>"; };
		ADC46DAF28A922C7003B926E /* NumberOfStepsRoReduceANumberToZero.swift */ = {isa = PBXFileReference; lastKnownFileType = sourcecode.swift; path = NumberOfStepsRoReduceANumberToZero.swift; sourceTree = "<group>"; };
		ADC482CB28DF202300EAE8CC /* Combinations.swift */ = {isa = PBXFileReference; lastKnownFileType = sourcecode.swift; path = Combinations.swift; sourceTree = "<group>"; };
		ADC482CD28DF20DA00EAE8CC /* Permutations.swift */ = {isa = PBXFileReference; lastKnownFileType = sourcecode.swift; path = Permutations.swift; sourceTree = "<group>"; };
		ADC482CF28DF217100EAE8CC /* LetterCasePermutation.swift */ = {isa = PBXFileReference; lastKnownFileType = sourcecode.swift; path = LetterCasePermutation.swift; sourceTree = "<group>"; };
		ADC5823928DB2CA9006D9591 /* MergeTwoBinaryTrees.swift */ = {isa = PBXFileReference; lastKnownFileType = sourcecode.swift; path = MergeTwoBinaryTrees.swift; sourceTree = "<group>"; };
		ADC5823B28DB2DBA006D9591 /* PopulatingNextRightPointersInEachNode.swift */ = {isa = PBXFileReference; lastKnownFileType = sourcecode.swift; path = PopulatingNextRightPointersInEachNode.swift; sourceTree = "<group>"; };
		ADC5B13628AD5102002FED4E /* IsomorphicStrings.swift */ = {isa = PBXFileReference; lastKnownFileType = sourcecode.swift; path = IsomorphicStrings.swift; sourceTree = "<group>"; };
		ADC5B13828AD5A00002FED4E /* IsSubsequence.swift */ = {isa = PBXFileReference; lastKnownFileType = sourcecode.swift; path = IsSubsequence.swift; sourceTree = "<group>"; };
		ADD1C41928B3C83500E63642 /* BinarySearch.swift */ = {isa = PBXFileReference; lastKnownFileType = sourcecode.swift; path = BinarySearch.swift; sourceTree = "<group>"; };
		ADD1C41B28B3CA3F00E63642 /* FirstBadVersion.swift */ = {isa = PBXFileReference; lastKnownFileType = sourcecode.swift; path = FirstBadVersion.swift; sourceTree = "<group>"; };
		ADD27D5428D0A150002F114F /* TwoSum4.swift */ = {isa = PBXFileReference; lastKnownFileType = sourcecode.swift; path = TwoSum4.swift; sourceTree = "<group>"; };
		ADD5D3E628A3114600BD5BCC /* RansomNote.swift */ = {isa = PBXFileReference; lastKnownFileType = sourcecode.swift; path = RansomNote.swift; sourceTree = "<group>"; };
		ADD5D3EC28A3120600BD5BCC /* testLeetcode.xctest */ = {isa = PBXFileReference; explicitFileType = wrapper.cfbundle; includeInIndex = 0; path = testLeetcode.xctest; sourceTree = BUILT_PRODUCTS_DIR; };
		ADD5D3F428A3147200BD5BCC /* PalindromeLinkedList.swift */ = {isa = PBXFileReference; lastKnownFileType = sourcecode.swift; path = PalindromeLinkedList.swift; sourceTree = "<group>"; };
		ADD6AF4228D882B500D74CFB /* LongestSubstringWithoutRepeatingCharacters.swift */ = {isa = PBXFileReference; lastKnownFileType = sourcecode.swift; path = LongestSubstringWithoutRepeatingCharacters.swift; sourceTree = "<group>"; };
		ADD6AF4428D8833C00D74CFB /* PermutationInString.swift */ = {isa = PBXFileReference; lastKnownFileType = sourcecode.swift; path = PermutationInString.swift; sourceTree = "<group>"; };
		ADD9771F28C7BD520028FCB0 /* LinkedListCycle.swift */ = {isa = PBXFileReference; lastKnownFileType = sourcecode.swift; path = LinkedListCycle.swift; sourceTree = "<group>"; };
		ADD9772128C7BED80028FCB0 /* RemoveLinkedListElements.swift */ = {isa = PBXFileReference; lastKnownFileType = sourcecode.swift; path = RemoveLinkedListElements.swift; sourceTree = "<group>"; };
		ADDC47DC28E85E7D0099DDC5 /* SearchA2DMatrix2.swift */ = {isa = PBXFileReference; lastKnownFileType = sourcecode.swift; path = SearchA2DMatrix2.swift; sourceTree = "<group>"; };
		ADDC47DE28E861E40099DDC5 /* NonOverlappingIntervals.swift */ = {isa = PBXFileReference; lastKnownFileType = sourcecode.swift; path = NonOverlappingIntervals.swift; sourceTree = "<group>"; };
		ADDCF94828BCD57200E7CA46 /* BackspaceStringCompare.swift */ = {isa = PBXFileReference; lastKnownFileType = sourcecode.swift; path = BackspaceStringCompare.swift; sourceTree = "<group>"; };
		ADDCF94A28BCD5F400E7CA46 /* DecodeString.swift */ = {isa = PBXFileReference; lastKnownFileType = sourcecode.swift; path = DecodeString.swift; sourceTree = "<group>"; };
		ADE175DB28B117420022F308 /* BestTimeToBuyAndSellStock.swift */ = {isa = PBXFileReference; lastKnownFileType = sourcecode.swift; path = BestTimeToBuyAndSellStock.swift; sourceTree = "<group>"; };
		ADE175DD28B1262A0022F308 /* LongestPalindrome.swift */ = {isa = PBXFileReference; lastKnownFileType = sourcecode.swift; path = LongestPalindrome.swift; sourceTree = "<group>"; };
		ADE1BD2428DC7C2A008ED566 /* ZeroOneMatrix.swift */ = {isa = PBXFileReference; lastKnownFileType = sourcecode.swift; path = ZeroOneMatrix.swift; sourceTree = "<group>"; };
		ADE1BD2628DC7CAF008ED566 /* RottingOranges.swift */ = {isa = PBXFileReference; lastKnownFileType = sourcecode.swift; path = RottingOranges.swift; sourceTree = "<group>"; };
		ADE4724D28EAFE7D00B5E8D1 /* AddStrings.swift */ = {isa = PBXFileReference; lastKnownFileType = sourcecode.swift; path = AddStrings.swift; sourceTree = "<group>"; };
		ADEB5A5F28CB76F4004D8EAC /* BinaryTreePreorderTraversal.swift */ = {isa = PBXFileReference; lastKnownFileType = sourcecode.swift; path = BinaryTreePreorderTraversal.swift; sourceTree = "<group>"; };
		ADEB5A6128CB7730004D8EAC /* BinaryTreeInorderTraversal.swift */ = {isa = PBXFileReference; lastKnownFileType = sourcecode.swift; path = BinaryTreeInorderTraversal.swift; sourceTree = "<group>"; };
		ADEB5A6328CB7792004D8EAC /* BinaryTreePostorderTraversal.swift */ = {isa = PBXFileReference; lastKnownFileType = sourcecode.swift; path = BinaryTreePostorderTraversal.swift; sourceTree = "<group>"; };
		ADEE310428B7A5B400448525 /* FibonacciNumber.swift */ = {isa = PBXFileReference; lastKnownFileType = sourcecode.swift; path = FibonacciNumber.swift; sourceTree = "<group>"; };
		ADEE310628B7A6BE00448525 /* ClimbingStairs.swift */ = {isa = PBXFileReference; lastKnownFileType = sourcecode.swift; path = ClimbingStairs.swift; sourceTree = "<group>"; };
		ADEFCB4F28E5B6A500F62033 /* SortColors.swift */ = {isa = PBXFileReference; lastKnownFileType = sourcecode.swift; path = SortColors.swift; sourceTree = "<group>"; };
		ADEFCB5128E5B74800F62033 /* MergeIntervals.swift */ = {isa = PBXFileReference; lastKnownFileType = sourcecode.swift; path = MergeIntervals.swift; sourceTree = "<group>"; };
		ADEFCB5328E5B7E000F62033 /* DesignHashMap.swift */ = {isa = PBXFileReference; lastKnownFileType = sourcecode.swift; path = DesignHashMap.swift; sourceTree = "<group>"; };
		ADF0631628D4902300546CCC /* MoveZeroes.swift */ = {isa = PBXFileReference; lastKnownFileType = sourcecode.swift; path = MoveZeroes.swift; sourceTree = "<group>"; };
		ADF0631828D490D000546CCC /* TwoSum2.swift */ = {isa = PBXFileReference; lastKnownFileType = sourcecode.swift; path = TwoSum2.swift; sourceTree = "<group>"; };
		ADF58E0F28C622D7000E08DB /* FirstUniqueCharacterInAString.swift */ = {isa = PBXFileReference; lastKnownFileType = sourcecode.swift; path = FirstUniqueCharacterInAString.swift; sourceTree = "<group>"; };
		ADF58E1128C6236D000E08DB /* ValidAnagram.swift */ = {isa = PBXFileReference; lastKnownFileType = sourcecode.swift; path = ValidAnagram.swift; sourceTree = "<group>"; };
		ADF5BF6E28CF7A3F00668B2D /* ListNodeTest.swift */ = {isa = PBXFileReference; lastKnownFileType = sourcecode.swift; path = ListNodeTest.swift; sourceTree = "<group>"; };
		ADF865EE28C224C700885B7A /* IntersectionOfTwoArrays2.swift */ = {isa = PBXFileReference; lastKnownFileType = sourcecode.swift; path = IntersectionOfTwoArrays2.swift; sourceTree = "<group>"; };
		ADF9806928AC0309004BB6EC /* RunningSumOf1dArray.swift */ = {isa = PBXFileReference; lastKnownFileType = sourcecode.swift; path = RunningSumOf1dArray.swift; sourceTree = "<group>"; };
		ADF9806B28AC03CF004BB6EC /* FindPivotIndex.swift */ = {isa = PBXFileReference; lastKnownFileType = sourcecode.swift; path = FindPivotIndex.swift; sourceTree = "<group>"; };
		ADF9B02128EC4CF8003975A6 /* WordPattern.swift */ = {isa = PBXFileReference; lastKnownFileType = sourcecode.swift; path = WordPattern.swift; sourceTree = "<group>"; };
		ADF9B02328EC4D82003975A6 /* PartitionLabels.swift */ = {isa = PBXFileReference; lastKnownFileType = sourcecode.swift; path = PartitionLabels.swift; sourceTree = "<group>"; };
		ADFE121428D1EA470063013C /* SearchInsertPosition.swift */ = {isa = PBXFileReference; lastKnownFileType = sourcecode.swift; path = SearchInsertPosition.swift; sourceTree = "<group>"; };
/* End PBXFileReference section */

/* Begin PBXFrameworksBuildPhase section */
		ADD5D3E928A3120600BD5BCC /* Frameworks */ = {
			isa = PBXFrameworksBuildPhase;
			buildActionMask = 2147483647;
			files = (
			);
			runOnlyForDeploymentPostprocessing = 0;
		};
/* End PBXFrameworksBuildPhase section */

/* Begin PBXGroup section */
		AD4BDEAD28A7DF2100E61565 /* Commons */ = {
			isa = PBXGroup;
			children = (
				AD4BDEAE28A7DF2F00E61565 /* ListNode.swift */,
				ADF5BF6E28CF7A3F00668B2D /* ListNodeTest.swift */,
				AD5CBBE528B251A500495544 /* Node.swift */,
				AD5CBBEB28B254A000495544 /* TreeNode.swift */,
			);
			path = Commons;
			sourceTree = "<group>";
		};
		ADD5D3D328A3111C00BD5BCC = {
			isa = PBXGroup;
			children = (
				ADD5D3ED28A3120600BD5BCC /* LeetCode */,
				ADD5D3DD28A3111C00BD5BCC /* Products */,
			);
			sourceTree = "<group>";
		};
		ADD5D3DD28A3111C00BD5BCC /* Products */ = {
			isa = PBXGroup;
			children = (
				ADD5D3EC28A3120600BD5BCC /* testLeetcode.xctest */,
			);
			name = Products;
			sourceTree = "<group>";
		};
		ADD5D3ED28A3120600BD5BCC /* LeetCode */ = {
			isa = PBXGroup;
			children = (
				AD4BDEAD28A7DF2100E61565 /* Commons */,
				ADE4724D28EAFE7D00B5E8D1 /* AddStrings.swift */,
				ADDCF94828BCD57200E7CA46 /* BackspaceStringCompare.swift */,
				ADE175DB28B117420022F308 /* BestTimeToBuyAndSellStock.swift */,
				ADD1C41928B3C83500E63642 /* BinarySearch.swift */,
				ADEB5A6128CB7730004D8EAC /* BinaryTreeInorderTraversal.swift */,
				AD5CBBE928B2547F00495544 /* BinaryTreeLevelOrderTraversal.swift */,
				ADEB5A6328CB7792004D8EAC /* BinaryTreePostorderTraversal.swift */,
				ADEB5A5F28CB76F4004D8EAC /* BinaryTreePreorderTraversal.swift */,
				AD1BBB5728BB83CD000032DD /* BullsAndCows.swift */,
				ADEE310628B7A6BE00448525 /* ClimbingStairs.swift */,
				ADC482CB28DF202300EAE8CC /* Combinations.swift */,
				AD068C4B28DDC23400D4EB76 /* ConcatenationOfConsecutiveBinaryNumbers.swift */,
				ADBEEB6728BF847B0069B4BB /* ContainsDuplicate.swift */,
				ADDCF94A28BCD5F400E7CA46 /* DecodeString.swift */,
				ADEFCB5328E5B7E000F62033 /* DesignHashMap.swift */,
				ADEE310428B7A5B400448525 /* FibonacciNumber.swift */,
				ADB53A3928BA4AB300C937F7 /* FindAllAnagramsInAString.swift */,
				ADF9806B28AC03CF004BB6EC /* FindPivotIndex.swift */,
				ADD1C41B28B3CA3F00E63642 /* FirstBadVersion.swift */,
				ADF58E0F28C622D7000E08DB /* FirstUniqueCharacterInAString.swift */,
				AD4BDEA928A7DDA700E61565 /* FizzBuzz.swift */,
				AD820F5828B6529700BA068E /* FloodFill.swift */,
				ADBC9C1628EDAA4E00459081 /* GroupAnagrams.swift */,
				AD8C5ACF28E074A000E821D7 /* HouseRobber.swift */,
				AD844B0E28CA20F4008E1AEF /* ImplementQueueUsingStacks.swift */,
				ADB40E5928E9AF3D00D51F9C /* IncreasingTripletSubsequence.swift */,
				AD39B0CA28CF4B7B008FECE7 /* InsertIntoABinarySearchTree.swift */,
				ADF865EE28C224C700885B7A /* IntersectionOfTwoArrays2.swift */,
				AD7DC46328CE023F00631E4A /* InvertBinaryTree.swift */,
				ADC5B13628AD5102002FED4E /* IsomorphicStrings.swift */,
				ADC5B13828AD5A00002FED4E /* IsSubsequence.swift */,
				AD0AC56A28BE385B00D4608C /* LastStoneWeight.swift */,
				ADC482CF28DF217100EAE8CC /* LetterCasePermutation.swift */,
				ADD9771F28C7BD520028FCB0 /* LinkedListCycle.swift */,
				AD9B070628B049DF00ADFB43 /* LinkedListCycle2.swift */,
				ADE175DD28B1262A0022F308 /* LongestPalindrome.swift */,
				ADB53A3B28BA4BB200C937F7 /* LongestRepeatingCharacterReplacement.swift */,
				ADD6AF4228D882B500D74CFB /* LongestSubstringWithoutRepeatingCharacters.swift */,
				AD2FF7A628B50D3F0027AFB6 /* LowestCommonAncestorOfABinarySearchTree.swift */,
				AD933EEF28E46C2300B1B2DA /* MajorityElement.swift */,
				AD45D00028D9DCD000544C0A /* MaxAreaOfIsland.swift */,
				ADA4798A28CCCEF800C23FF0 /* MaximumDepthOfBinaryTree.swift */,
				ADBEEB6928BF84F90069B4BB /* MaximumSubarray.swift */,
				ADEFCB5128E5B74800F62033 /* MergeIntervals.swift */,
				AD9914A928C0DBD500BCFDAB /* MergeSortedArray.swift */,
				ADC5823928DB2CA9006D9591 /* MergeTwoBinaryTrees.swift */,
				AD88EE2228AEA91A007E3D7C /* MergeTwoSortedLists.swift */,
				AD4BDEAB28A7DE3200E61565 /* MiddleOfTheLinkedList.swift */,
				AD00F44528B96F2600A77B9C /* MinCostClimbingStairs.swift */,
				ADF0631628D4902300546CCC /* MoveZeroes.swift */,
				ADBC9C1428EDA96B00459081 /* MultiplyStrings.swift */,
				AD5CBBE728B251D700495544 /* NaryTreePreorderTraversal.swift */,
				ADDC47DE28E861E40099DDC5 /* NonOverlappingIntervals.swift */,
				AD820F5A28B65A1C00BA068E /* NumberOfIslands.swift */,
				AD361C4C28E1C929002962BB /* NumberOfOneBits.swift */,
				ADC46DAF28A922C7003B926E /* NumberOfStepsRoReduceANumberToZero.swift */,
				ADD5D3F428A3147200BD5BCC /* PalindromeLinkedList.swift */,
				ADF9B02328EC4D82003975A6 /* PartitionLabels.swift */,
				AD967DDC28C36B3D005408E7 /* PascalsTriangle.swift */,
				AD4DCBF628E70C6300A81C5F /* PascalsTriangle2.swift */,
				AD7DC46528CE02A600631E4A /* PathSum.swift */,
				ADD6AF4428D8833C00D74CFB /* PermutationInString.swift */,
				ADC482CD28DF20DA00EAE8CC /* Permutations.swift */,
				ADC5823B28DB2DBA006D9591 /* PopulatingNextRightPointersInEachNode.swift */,
				AD361C4A28E1C883002962BB /* PowerOfTwo.swift */,
				ADB40E5B28E9B00B00D51F9C /* ProductOfArrayExceptSelf.swift */,
				ADD5D3E628A3114600BD5BCC /* RansomNote.swift */,
				ADADF18928C8FF030021B192 /* RemoveDuplicatesFromSortedList.swift */,
				ADD9772128C7BED80028FCB0 /* RemoveLinkedListElements.swift */,
				ADA94B8F28D7434D00D07819 /* RemoveNthNodeFromEndOfList.swift */,
				AD967DDA28C36AC0005408E7 /* ReshapeTheMatrix.swift */,
				AD325C3E28E32A5A0039107E /* ReverseBits.swift */,
				AD88EE2428AF13C3007E3D7C /* ReverseLinkedList.swift */,
				ADA08C5928D5E8E700B816C2 /* ReverseString.swift */,
				ADA08C5B28D5E99600B816C2 /* ReverseWordsInAString3.swift */,
				AD2A46D828AA9C9E009C45A8 /* RichestCustomerWealth.swift */,
				AD4BDEA728A7DAB300E61565 /* RomanToInteger.swift */,
				AD3ED08328D34EBD0080829A /* RotateArray.swift */,
				AD4DCBF828E70EE600A81C5F /* RotateImage.swift */,
				ADDC47DC28E85E7D0099DDC5 /* SearchA2DMatrix2.swift */,
				AD4DCBFA28E70FB900A81C5F /* SpiralMatrix2.swift */,
				ADE1BD2628DC7CAF008ED566 /* RottingOranges.swift */,
				ADF9806928AC0309004BB6EC /* RunningSumOf1dArray.swift */,
				AD90565428C4C71600886275 /* SearchA2DMatrix.swift */,
				AD39B0C828CF4B05008FECE7 /* SearchInABinarySearchTree.swift */,
				ADFE121428D1EA470063013C /* SearchInsertPosition.swift */,
				AD325C4028E32B230039107E /* SingleNumber.swift */,
				ADEFCB4F28E5B6A500F62033 /* SortColors.swift */,
				AD3ED08128D34DD90080829A /* SquaresOfASortedArray.swift */,
				ADA4798C28CCCFF900C23FF0 /* SymmetricTree.swift */,
				ADB40E5D28E9B2F800D51F9C /* SubarraySumEqualsK.swift */,
				AD4BDEB028A7E03200E61565 /* TheKWeakestRowsInAMatrix.swift */,
				AD933EF128E46CAA00B1B2DA /* ThreeSum.swift */,
				AD0AC56C28BE38C100D4608C /* TopKFrequentWords.swift */,
				AD8C5AD128E0751A00E821D7 /* Triangle.swift */,
				AD1BBB5528BB832B000032DD /* TwoSum.swift */,
				ADF0631828D490D000546CCC /* TwoSum2.swift */,
				ADD27D5428D0A150002F114F /* TwoSum4.swift */,
				AD00F44728B96FB900A77B9C /* UniquePaths.swift */,
				ADF58E1128C6236D000E08DB /* ValidAnagram.swift */,
				AD2FF7A428B506F90027AFB6 /* ValidateBinarySearchTree.swift */,
				AD844B0C28CA209C008E1AEF /* ValidParentheses.swift */,
				AD90565228C4C6A600886275 /* ValidSudoku.swift */,
				ADF9B02128EC4CF8003975A6 /* WordPattern.swift */,
				ADE1BD2428DC7C2A008ED566 /* ZeroOneMatrix.swift */,
			);
			path = LeetCode;
			sourceTree = "<group>";
		};
/* End PBXGroup section */

/* Begin PBXNativeTarget section */
		ADD5D3EB28A3120600BD5BCC /* testLeetcode */ = {
			isa = PBXNativeTarget;
			buildConfigurationList = ADD5D3F028A3120600BD5BCC /* Build configuration list for PBXNativeTarget "testLeetcode" */;
			buildPhases = (
				ADD5D3E828A3120600BD5BCC /* Sources */,
				ADD5D3E928A3120600BD5BCC /* Frameworks */,
				ADD5D3EA28A3120600BD5BCC /* Resources */,
			);
			buildRules = (
			);
			dependencies = (
			);
			name = testLeetcode;
			productName = testLeetcode;
			productReference = ADD5D3EC28A3120600BD5BCC /* testLeetcode.xctest */;
			productType = "com.apple.product-type.bundle.unit-test";
		};
/* End PBXNativeTarget section */

/* Begin PBXProject section */
		ADD5D3D428A3111C00BD5BCC /* Project object */ = {
			isa = PBXProject;
			attributes = {
				BuildIndependentTargetsInParallel = 1;
				LastSwiftUpdateCheck = 1340;
				LastUpgradeCheck = 1400;
				TargetAttributes = {
					ADD5D3EB28A3120600BD5BCC = {
						CreatedOnToolsVersion = 13.4.1;
					};
				};
			};
			buildConfigurationList = ADD5D3D728A3111C00BD5BCC /* Build configuration list for PBXProject "LeetCode" */;
			compatibilityVersion = "Xcode 13.0";
			developmentRegion = en;
			hasScannedForEncodings = 0;
			knownRegions = (
				en,
				Base,
			);
			mainGroup = ADD5D3D328A3111C00BD5BCC;
			productRefGroup = ADD5D3DD28A3111C00BD5BCC /* Products */;
			projectDirPath = "";
			projectRoot = "";
			targets = (
				ADD5D3EB28A3120600BD5BCC /* testLeetcode */,
			);
		};
/* End PBXProject section */

/* Begin PBXResourcesBuildPhase section */
		ADD5D3EA28A3120600BD5BCC /* Resources */ = {
			isa = PBXResourcesBuildPhase;
			buildActionMask = 2147483647;
			files = (
			);
			runOnlyForDeploymentPostprocessing = 0;
		};
/* End PBXResourcesBuildPhase section */

/* Begin PBXSourcesBuildPhase section */
		ADD5D3E828A3120600BD5BCC /* Sources */ = {
			isa = PBXSourcesBuildPhase;
			buildActionMask = 2147483647;
			files = (
				ADF9B02428EC4D82003975A6 /* PartitionLabels.swift in Sources */,
				AD3ED08428D34EBD0080829A /* RotateArray.swift in Sources */,
				AD90565328C4C6A700886275 /* ValidSudoku.swift in Sources */,
				AD844B0F28CA20F4008E1AEF /* ImplementQueueUsingStacks.swift in Sources */,
				AD88EE2528AF13C3007E3D7C /* ReverseLinkedList.swift in Sources */,
				AD4DCBF928E70EE600A81C5F /* RotateImage.swift in Sources */,
				ADD27D5528D0A150002F114F /* TwoSum4.swift in Sources */,
				ADA4798D28CCCFF900C23FF0 /* SymmetricTree.swift in Sources */,
				AD90565528C4C71600886275 /* SearchA2DMatrix.swift in Sources */,
				AD39B0CB28CF4B7B008FECE7 /* InsertIntoABinarySearchTree.swift in Sources */,
				ADDC47DF28E861E40099DDC5 /* NonOverlappingIntervals.swift in Sources */,
				AD325C3F28E32A5A0039107E /* ReverseBits.swift in Sources */,
				ADEFCB5028E5B6A500F62033 /* SortColors.swift in Sources */,
				ADEFCB5428E5B7E000F62033 /* DesignHashMap.swift in Sources */,
				AD4BDEAC28A7DE3200E61565 /* MiddleOfTheLinkedList.swift in Sources */,
				ADEE310728B7A6BE00448525 /* ClimbingStairs.swift in Sources */,
				ADBC9C1728EDAA4E00459081 /* GroupAnagrams.swift in Sources */,
				AD00F44828B96FB900A77B9C /* UniquePaths.swift in Sources */,
				AD2FF7A528B506F90027AFB6 /* ValidateBinarySearchTree.swift in Sources */,
				ADC482CC28DF202300EAE8CC /* Combinations.swift in Sources */,
				ADC482D028DF217100EAE8CC /* LetterCasePermutation.swift in Sources */,
				AD8C5AD028E074A000E821D7 /* HouseRobber.swift in Sources */,
				AD9914AA28C0DBD500BCFDAB /* MergeSortedArray.swift in Sources */,
				ADD6AF4328D882B500D74CFB /* LongestSubstringWithoutRepeatingCharacters.swift in Sources */,
				ADD6AF4528D8833C00D74CFB /* PermutationInString.swift in Sources */,
				ADB40E5C28E9B00B00D51F9C /* ProductOfArrayExceptSelf.swift in Sources */,
				ADF9806C28AC03CF004BB6EC /* FindPivotIndex.swift in Sources */,
				AD5CBBE828B251D700495544 /* NaryTreePreorderTraversal.swift in Sources */,
				ADD5D3F328A3120A00BD5BCC /* RansomNote.swift in Sources */,
				ADA94B9028D7434D00D07819 /* RemoveNthNodeFromEndOfList.swift in Sources */,
				ADADF18A28C8FF030021B192 /* RemoveDuplicatesFromSortedList.swift in Sources */,
				ADC5823C28DB2DBA006D9591 /* PopulatingNextRightPointersInEachNode.swift in Sources */,
				ADE1BD2528DC7C2A008ED566 /* ZeroOneMatrix.swift in Sources */,
				ADEB5A6228CB7730004D8EAC /* BinaryTreeInorderTraversal.swift in Sources */,
				ADE175DC28B117420022F308 /* BestTimeToBuyAndSellStock.swift in Sources */,
				ADE175DE28B1262A0022F308 /* LongestPalindrome.swift in Sources */,
				ADBEEB6828BF847B0069B4BB /* ContainsDuplicate.swift in Sources */,
				AD068C4C28DDC23400D4EB76 /* ConcatenationOfConsecutiveBinaryNumbers.swift in Sources */,
				AD8C5AD228E0751A00E821D7 /* Triangle.swift in Sources */,
				AD1BBB5628BB832B000032DD /* TwoSum.swift in Sources */,
				ADF9B02228EC4CF8003975A6 /* WordPattern.swift in Sources */,
				AD4BDEA828A7DAB300E61565 /* RomanToInteger.swift in Sources */,
				ADB53A3A28BA4AB300C937F7 /* FindAllAnagramsInAString.swift in Sources */,
				AD00F44628B96F2600A77B9C /* MinCostClimbingStairs.swift in Sources */,
				ADDCF94B28BCD5F400E7CA46 /* DecodeString.swift in Sources */,
				AD1BBB5828BB83CD000032DD /* BullsAndCows.swift in Sources */,
				ADDC47DD28E85E7D0099DDC5 /* SearchA2DMatrix2.swift in Sources */,
				ADE4724E28EAFE7D00B5E8D1 /* AddStrings.swift in Sources */,
				AD5CBBE628B251A500495544 /* Node.swift in Sources */,
				AD0AC56D28BE38C100D4608C /* TopKFrequentWords.swift in Sources */,
				AD3ED08228D34DD90080829A /* SquaresOfASortedArray.swift in Sources */,
				ADB40E5E28E9B2F800D51F9C /* SubarraySumEqualsK.swift in Sources */,
				ADD5D3F528A3147200BD5BCC /* PalindromeLinkedList.swift in Sources */,
				ADEB5A6428CB7792004D8EAC /* BinaryTreePostorderTraversal.swift in Sources */,
				ADD9772228C7BED80028FCB0 /* RemoveLinkedListElements.swift in Sources */,
				ADF5BF6F28CF7A3F00668B2D /* ListNodeTest.swift in Sources */,
				ADF0631928D490D000546CCC /* TwoSum2.swift in Sources */,
				AD9B070728B049DF00ADFB43 /* LinkedListCycle2.swift in Sources */,
				AD325C4128E32B230039107E /* SingleNumber.swift in Sources */,
				ADB40E5A28E9AF3D00D51F9C /* IncreasingTripletSubsequence.swift in Sources */,
				AD4BDEB128A7E03200E61565 /* TheKWeakestRowsInAMatrix.swift in Sources */,
				AD361C4B28E1C883002962BB /* PowerOfTwo.swift in Sources */,
				ADEFCB5228E5B74800F62033 /* MergeIntervals.swift in Sources */,
				ADF865EF28C224C700885B7A /* IntersectionOfTwoArrays2.swift in Sources */,
				AD361C4D28E1C929002962BB /* NumberOfOneBits.swift in Sources */,
				ADF9806A28AC0309004BB6EC /* RunningSumOf1dArray.swift in Sources */,
				ADC5B13928AD5A00002FED4E /* IsSubsequence.swift in Sources */,
				ADD1C41A28B3C83500E63642 /* BinarySearch.swift in Sources */,
				ADA08C5A28D5E8E700B816C2 /* ReverseString.swift in Sources */,
				ADEB5A6028CB76F4004D8EAC /* BinaryTreePreorderTraversal.swift in Sources */,
				AD820F5B28B65A1C00BA068E /* NumberOfIslands.swift in Sources */,
				AD933EF228E46CAA00B1B2DA /* ThreeSum.swift in Sources */,
				ADF0631728D4902300546CCC /* MoveZeroes.swift in Sources */,
				ADA08C5C28D5E99600B816C2 /* ReverseWordsInAString3.swift in Sources */,
				AD2A46D928AA9C9E009C45A8 /* RichestCustomerWealth.swift in Sources */,
				ADF58E1028C622D7000E08DB /* FirstUniqueCharacterInAString.swift in Sources */,
				AD7DC46428CE023F00631E4A /* InvertBinaryTree.swift in Sources */,
				ADF58E1228C6236D000E08DB /* ValidAnagram.swift in Sources */,
				AD2FF7A728B50D3F0027AFB6 /* LowestCommonAncestorOfABinarySearchTree.swift in Sources */,
				AD967DDB28C36AC0005408E7 /* ReshapeTheMatrix.swift in Sources */,
				AD4BDEAA28A7DDA700E61565 /* FizzBuzz.swift in Sources */,
				AD4DCBF728E70C6300A81C5F /* PascalsTriangle2.swift in Sources */,
				ADDCF94928BCD57200E7CA46 /* BackspaceStringCompare.swift in Sources */,
				ADE1BD2728DC7CAF008ED566 /* RottingOranges.swift in Sources */,
				ADC5B13728AD5102002FED4E /* IsomorphicStrings.swift in Sources */,
				AD39B0C928CF4B05008FECE7 /* SearchInABinarySearchTree.swift in Sources */,
				AD5CBBEC28B254A000495544 /* TreeNode.swift in Sources */,
				ADC46DB028A922C7003B926E /* NumberOfStepsRoReduceANumberToZero.swift in Sources */,
				AD7DC46628CE02A600631E4A /* PathSum.swift in Sources */,
				AD88EE2328AEA91A007E3D7C /* MergeTwoSortedLists.swift in Sources */,
				ADC482CE28DF20DA00EAE8CC /* Permutations.swift in Sources */,
				ADEE310528B7A5B400448525 /* FibonacciNumber.swift in Sources */,
				AD933EF028E46C2300B1B2DA /* MajorityElement.swift in Sources */,
				AD4DCBFB28E70FB900A81C5F /* SpiralMatrix2.swift in Sources */,
				ADA4798B28CCCEF800C23FF0 /* MaximumDepthOfBinaryTree.swift in Sources */,
				ADBEEB6A28BF84F90069B4BB /* MaximumSubarray.swift in Sources */,
				ADC5823A28DB2CA9006D9591 /* MergeTwoBinaryTrees.swift in Sources */,
				AD820F5928B6529700BA068E /* FloodFill.swift in Sources */,
				AD0AC56B28BE385B00D4608C /* LastStoneWeight.swift in Sources */,
				ADFE121528D1EA470063013C /* SearchInsertPosition.swift in Sources */,
				AD967DDD28C36B3D005408E7 /* PascalsTriangle.swift in Sources */,
				ADD9772028C7BD520028FCB0 /* LinkedListCycle.swift in Sources */,
				AD844B0D28CA209C008E1AEF /* ValidParentheses.swift in Sources */,
				ADD1C41C28B3CA3F00E63642 /* FirstBadVersion.swift in Sources */,
				AD45D00128D9DCD000544C0A /* MaxAreaOfIsland.swift in Sources */,
				ADB53A3C28BA4BB200C937F7 /* LongestRepeatingCharacterReplacement.swift in Sources */,
				AD5CBBEA28B2547F00495544 /* BinaryTreeLevelOrderTraversal.swift in Sources */,
				ADBC9C1528EDA96B00459081 /* MultiplyStrings.swift in Sources */,
				AD4BDEAF28A7DF2F00E61565 /* ListNode.swift in Sources */,
			);
			runOnlyForDeploymentPostprocessing = 0;
		};
/* End PBXSourcesBuildPhase section */

/* Begin XCBuildConfiguration section */
		ADD5D3E128A3111C00BD5BCC /* Debug */ = {
			isa = XCBuildConfiguration;
			buildSettings = {
				ALWAYS_SEARCH_USER_PATHS = NO;
				CLANG_ANALYZER_NONNULL = YES;
				CLANG_ANALYZER_NUMBER_OBJECT_CONVERSION = YES_AGGRESSIVE;
				CLANG_CXX_LANGUAGE_STANDARD = "gnu++17";
				CLANG_ENABLE_MODULES = YES;
				CLANG_ENABLE_OBJC_ARC = YES;
				CLANG_ENABLE_OBJC_WEAK = YES;
				CLANG_WARN_BLOCK_CAPTURE_AUTORELEASING = YES;
				CLANG_WARN_BOOL_CONVERSION = YES;
				CLANG_WARN_COMMA = YES;
				CLANG_WARN_CONSTANT_CONVERSION = YES;
				CLANG_WARN_DEPRECATED_OBJC_IMPLEMENTATIONS = YES;
				CLANG_WARN_DIRECT_OBJC_ISA_USAGE = YES_ERROR;
				CLANG_WARN_DOCUMENTATION_COMMENTS = YES;
				CLANG_WARN_EMPTY_BODY = YES;
				CLANG_WARN_ENUM_CONVERSION = YES;
				CLANG_WARN_INFINITE_RECURSION = YES;
				CLANG_WARN_INT_CONVERSION = YES;
				CLANG_WARN_NON_LITERAL_NULL_CONVERSION = YES;
				CLANG_WARN_OBJC_IMPLICIT_RETAIN_SELF = YES;
				CLANG_WARN_OBJC_LITERAL_CONVERSION = YES;
				CLANG_WARN_OBJC_ROOT_CLASS = YES_ERROR;
				CLANG_WARN_QUOTED_INCLUDE_IN_FRAMEWORK_HEADER = YES;
				CLANG_WARN_RANGE_LOOP_ANALYSIS = YES;
				CLANG_WARN_STRICT_PROTOTYPES = YES;
				CLANG_WARN_SUSPICIOUS_MOVE = YES;
				CLANG_WARN_UNGUARDED_AVAILABILITY = YES_AGGRESSIVE;
				CLANG_WARN_UNREACHABLE_CODE = YES;
				CLANG_WARN__DUPLICATE_METHOD_MATCH = YES;
				COPY_PHASE_STRIP = NO;
				DEAD_CODE_STRIPPING = YES;
				DEBUG_INFORMATION_FORMAT = dwarf;
				ENABLE_STRICT_OBJC_MSGSEND = YES;
				ENABLE_TESTABILITY = YES;
				GCC_C_LANGUAGE_STANDARD = gnu11;
				GCC_DYNAMIC_NO_PIC = NO;
				GCC_NO_COMMON_BLOCKS = YES;
				GCC_OPTIMIZATION_LEVEL = 0;
				GCC_PREPROCESSOR_DEFINITIONS = (
					"DEBUG=1",
					"$(inherited)",
				);
				GCC_WARN_64_TO_32_BIT_CONVERSION = YES;
				GCC_WARN_ABOUT_RETURN_TYPE = YES_ERROR;
				GCC_WARN_UNDECLARED_SELECTOR = YES;
				GCC_WARN_UNINITIALIZED_AUTOS = YES_AGGRESSIVE;
				GCC_WARN_UNUSED_FUNCTION = YES;
				GCC_WARN_UNUSED_VARIABLE = YES;
				MACOSX_DEPLOYMENT_TARGET = 12.3;
				MTL_ENABLE_DEBUG_INFO = INCLUDE_SOURCE;
				MTL_FAST_MATH = YES;
				ONLY_ACTIVE_ARCH = YES;
				SDKROOT = macosx;
				SWIFT_ACTIVE_COMPILATION_CONDITIONS = DEBUG;
				SWIFT_OPTIMIZATION_LEVEL = "-Onone";
			};
			name = Debug;
		};
		ADD5D3E228A3111C00BD5BCC /* Release */ = {
			isa = XCBuildConfiguration;
			buildSettings = {
				ALWAYS_SEARCH_USER_PATHS = NO;
				CLANG_ANALYZER_NONNULL = YES;
				CLANG_ANALYZER_NUMBER_OBJECT_CONVERSION = YES_AGGRESSIVE;
				CLANG_CXX_LANGUAGE_STANDARD = "gnu++17";
				CLANG_ENABLE_MODULES = YES;
				CLANG_ENABLE_OBJC_ARC = YES;
				CLANG_ENABLE_OBJC_WEAK = YES;
				CLANG_WARN_BLOCK_CAPTURE_AUTORELEASING = YES;
				CLANG_WARN_BOOL_CONVERSION = YES;
				CLANG_WARN_COMMA = YES;
				CLANG_WARN_CONSTANT_CONVERSION = YES;
				CLANG_WARN_DEPRECATED_OBJC_IMPLEMENTATIONS = YES;
				CLANG_WARN_DIRECT_OBJC_ISA_USAGE = YES_ERROR;
				CLANG_WARN_DOCUMENTATION_COMMENTS = YES;
				CLANG_WARN_EMPTY_BODY = YES;
				CLANG_WARN_ENUM_CONVERSION = YES;
				CLANG_WARN_INFINITE_RECURSION = YES;
				CLANG_WARN_INT_CONVERSION = YES;
				CLANG_WARN_NON_LITERAL_NULL_CONVERSION = YES;
				CLANG_WARN_OBJC_IMPLICIT_RETAIN_SELF = YES;
				CLANG_WARN_OBJC_LITERAL_CONVERSION = YES;
				CLANG_WARN_OBJC_ROOT_CLASS = YES_ERROR;
				CLANG_WARN_QUOTED_INCLUDE_IN_FRAMEWORK_HEADER = YES;
				CLANG_WARN_RANGE_LOOP_ANALYSIS = YES;
				CLANG_WARN_STRICT_PROTOTYPES = YES;
				CLANG_WARN_SUSPICIOUS_MOVE = YES;
				CLANG_WARN_UNGUARDED_AVAILABILITY = YES_AGGRESSIVE;
				CLANG_WARN_UNREACHABLE_CODE = YES;
				CLANG_WARN__DUPLICATE_METHOD_MATCH = YES;
				COPY_PHASE_STRIP = NO;
				DEAD_CODE_STRIPPING = YES;
				DEBUG_INFORMATION_FORMAT = "dwarf-with-dsym";
				ENABLE_NS_ASSERTIONS = NO;
				ENABLE_STRICT_OBJC_MSGSEND = YES;
				GCC_C_LANGUAGE_STANDARD = gnu11;
				GCC_NO_COMMON_BLOCKS = YES;
				GCC_WARN_64_TO_32_BIT_CONVERSION = YES;
				GCC_WARN_ABOUT_RETURN_TYPE = YES_ERROR;
				GCC_WARN_UNDECLARED_SELECTOR = YES;
				GCC_WARN_UNINITIALIZED_AUTOS = YES_AGGRESSIVE;
				GCC_WARN_UNUSED_FUNCTION = YES;
				GCC_WARN_UNUSED_VARIABLE = YES;
				MACOSX_DEPLOYMENT_TARGET = 12.3;
				MTL_ENABLE_DEBUG_INFO = NO;
				MTL_FAST_MATH = YES;
				SDKROOT = macosx;
				SWIFT_COMPILATION_MODE = wholemodule;
				SWIFT_OPTIMIZATION_LEVEL = "-O";
			};
			name = Release;
		};
		ADD5D3F128A3120600BD5BCC /* Debug */ = {
			isa = XCBuildConfiguration;
			buildSettings = {
				CODE_SIGN_STYLE = Automatic;
				CURRENT_PROJECT_VERSION = 1;
				DEAD_CODE_STRIPPING = YES;
				DEVELOPMENT_TEAM = S85L3BQN65;
				GENERATE_INFOPLIST_FILE = YES;
				MARKETING_VERSION = 1.0;
				PRODUCT_BUNDLE_IDENTIFIER = dev.radicheski.testLeetcode;
				PRODUCT_NAME = "$(TARGET_NAME)";
				SWIFT_EMIT_LOC_STRINGS = NO;
				SWIFT_VERSION = 5.0;
			};
			name = Debug;
		};
		ADD5D3F228A3120600BD5BCC /* Release */ = {
			isa = XCBuildConfiguration;
			buildSettings = {
				CODE_SIGN_STYLE = Automatic;
				CURRENT_PROJECT_VERSION = 1;
				DEAD_CODE_STRIPPING = YES;
				DEVELOPMENT_TEAM = S85L3BQN65;
				GENERATE_INFOPLIST_FILE = YES;
				MARKETING_VERSION = 1.0;
				PRODUCT_BUNDLE_IDENTIFIER = dev.radicheski.testLeetcode;
				PRODUCT_NAME = "$(TARGET_NAME)";
				SWIFT_EMIT_LOC_STRINGS = NO;
				SWIFT_VERSION = 5.0;
			};
			name = Release;
		};
/* End XCBuildConfiguration section */

/* Begin XCConfigurationList section */
		ADD5D3D728A3111C00BD5BCC /* Build configuration list for PBXProject "LeetCode" */ = {
			isa = XCConfigurationList;
			buildConfigurations = (
				ADD5D3E128A3111C00BD5BCC /* Debug */,
				ADD5D3E228A3111C00BD5BCC /* Release */,
			);
			defaultConfigurationIsVisible = 0;
			defaultConfigurationName = Release;
		};
		ADD5D3F028A3120600BD5BCC /* Build configuration list for PBXNativeTarget "testLeetcode" */ = {
			isa = XCConfigurationList;
			buildConfigurations = (
				ADD5D3F128A3120600BD5BCC /* Debug */,
				ADD5D3F228A3120600BD5BCC /* Release */,
			);
			defaultConfigurationIsVisible = 0;
			defaultConfigurationName = Release;
		};
/* End XCConfigurationList section */
	};
	rootObject = ADD5D3D428A3111C00BD5BCC /* Project object */;
}
